
Microsoft Visual Studio Solution File, Format Version 10.00
# Visual Studio 2008
Project("{8BC9CEB8-8B4A-11D0-8D11-00A0C91BC942}") = "tsc-autologin", "tsc-autologin.vcproj", "{4A148BFA-C519-4812-A08C-EF5B6EE9DF8C}"
EndProject
Global
	GlobalSection(SolutionConfigurationPlatforms) = preSolution
		Debug|ITC_CE700 (ARMv4I) = Debug|ITC_CE700 (ARMv4I)
		Debug|Motorola MC3100c60 Windows CE6.0 PSDK (ARMV4I) = Debug|Motorola MC3100c60 Windows CE6.0 PSDK (ARMV4I)
		Debug|STANDARDSDK_500 (ARMV4I) = Debug|STANDARDSDK_500 (ARMV4I)
		Release|ITC_CE700 (ARMv4I) = Release|ITC_CE700 (ARMv4I)
		Release|Motorola MC3100c60 Windows CE6.0 PSDK (ARMV4I) = Release|Motorola MC3100c60 Windows CE6.0 PSDK (ARMV4I)
		Release|STANDARDSDK_500 (ARMV4I) = Release|STANDARDSDK_500 (ARMV4I)
	EndGlobalSection
	GlobalSection(ProjectConfigurationPlatforms) = postSolution
		{4A148BFA-C519-4812-A08C-EF5B6EE9DF8C}.Debug|ITC_CE700 (ARMv4I).ActiveCfg = Debug|ITC_CE700 (ARMv4I)
		{4A148BFA-C519-4812-A08C-EF5B6EE9DF8C}.Debug|ITC_CE700 (ARMv4I).Build.0 = Debug|ITC_CE700 (ARMv4I)
		{4A148BFA-C519-4812-A08C-EF5B6EE9DF8C}.Debug|ITC_CE700 (ARMv4I).Deploy.0 = Debug|ITC_CE700 (ARMv4I)
		{4A148BFA-C519-4812-A08C-EF5B6EE9DF8C}.Debug|Motorola MC3100c60 Windows CE6.0 PSDK (ARMV4I).ActiveCfg = Debug|Motorola MC3100c60 Windows CE6.0 PSDK (ARMV4I)
		{4A148BFA-C519-4812-A08C-EF5B6EE9DF8C}.Debug|Motorola MC3100c60 Windows CE6.0 PSDK (ARMV4I).Build.0 = Debug|Motorola MC3100c60 Windows CE6.0 PSDK (ARMV4I)
		{4A148BFA-C519-4812-A08C-EF5B6EE9DF8C}.Debug|Motorola MC3100c60 Windows CE6.0 PSDK (ARMV4I).Deploy.0 = Debug|Motorola MC3100c60 Windows CE6.0 PSDK (ARMV4I)
		{4A148BFA-C519-4812-A08C-EF5B6EE9DF8C}.Debug|STANDARDSDK_500 (ARMV4I).ActiveCfg = Debug|STANDARDSDK_500 (ARMV4I)
		{4A148BFA-C519-4812-A08C-EF5B6EE9DF8C}.Debug|STANDARDSDK_500 (ARMV4I).Build.0 = Debug|STANDARDSDK_500 (ARMV4I)
		{4A148BFA-C519-4812-A08C-EF5B6EE9DF8C}.Debug|STANDARDSDK_500 (ARMV4I).Deploy.0 = Debug|STANDARDSDK_500 (ARMV4I)
		{4A148BFA-C519-4812-A08C-EF5B6EE9DF8C}.Release|ITC_CE700 (ARMv4I).ActiveCfg = Release|ITC_CE700 (ARMv4I)
		{4A148BFA-C519-4812-A08C-EF5B6EE9DF8C}.Release|ITC_CE700 (ARMv4I).Build.0 = Release|ITC_CE700 (ARMv4I)
		{4A148BFA-C519-4812-A08C-EF5B6EE9DF8C}.Release|ITC_CE700 (ARMv4I).Deploy.0 = Release|ITC_CE700 (ARMv4I)
		{4A148BFA-C519-4812-A08C-EF5B6EE9DF8C}.Release|Motorola MC3100c60 Windows CE6.0 PSDK (ARMV4I).ActiveCfg = Release|Motorola MC3100c60 Windows CE6.0 PSDK (ARMV4I)
		{4A148BFA-C519-4812-A08C-EF5B6EE9DF8C}.Release|Motorola MC3100c60 Windows CE6.0 PSDK (ARMV4I).Build.0 = Release|Motorola MC3100c60 Windows CE6.0 PSDK (ARMV4I)
		{4A148BFA-C519-4812-A08C-EF5B6EE9DF8C}.Release|Motorola MC3100c60 Windows CE6.0 PSDK (ARMV4I).Deploy.0 = Release|Motorola MC3100c60 Windows CE6.0 PSDK (ARMV4I)
		{4A148BFA-C519-4812-A08C-EF5B6EE9DF8C}.Release|STANDARDSDK_500 (ARMV4I).ActiveCfg = Release|STANDARDSDK_500 (ARMV4I)
		{4A148BFA-C519-4812-A08C-EF5B6EE9DF8C}.Release|STANDARDSDK_500 (ARMV4I).Build.0 = Release|STANDARDSDK_500 (ARMV4I)
		{4A148BFA-C519-4812-A08C-EF5B6EE9DF8C}.Release|STANDARDSDK_500 (ARMV4I).Deploy.0 = Release|STANDARDSDK_500 (ARMV4I)
	EndGlobalSection
	GlobalSection(SolutionProperties) = preSolution
		HideSolutionNode = FALSE
	EndGlobalSection
EndGlobal
