
Microsoft Visual Studio Solution File, Format Version 10.00
# Visual Studio 2008
Project("{8BC9CEB8-8B4A-11D0-8D11-00A0C91BC942}") = "RDP_autoLogin", "RDP_autoLogin.vcproj", "{8E93CA43-CA16-44D7-B042-B48461C0F83F}"
EndProject
Project("{FAE04EC0-301F-11D3-BF4B-00C04F79EFBC}") = "RDP_Autologin_Settings", "RDP_Autologin_Settings\RDP_Autologin_Settings.csproj", "{9927BE0B-E1E9-4B95-BA3A-F085CDC46372}"
EndProject
Project("{8BC9CEB8-8B4A-11D0-8D11-00A0C91BC942}") = "RDM_keepBusy", "..\RDM_keepbusy\RDM_keepBusy.vcproj", "{800E63EC-AA45-4A73-8F97-5F2F317AA9B0}"
EndProject
Project("{8BC9CEB8-8B4A-11D0-8D11-00A0C91BC942}") = "StopKeepBusy", "..\StopKeepBusy\StopKeepBusy.vcproj", "{34F48150-2C4B-4960-9D86-06BBBF0D32F5}"
EndProject
Project("{8BC9CEB8-8B4A-11D0-8D11-00A0C91BC942}") = "RDP_keepBusy_deprecated", "..\RDP_keepBusy\RDP_keepBusy.vcproj", "{3A152083-BDFC-402B-A8AC-DBEF9819D05A}"
EndProject
Global
	GlobalSection(SubversionScc) = preSolution
		Svn-Managed = True
		Manager = AnkhSVN - Subversion Support for Visual Studio
	EndGlobalSection
	GlobalSection(SolutionConfigurationPlatforms) = preSolution
		Debug Settings|Any CPU = Debug Settings|Any CPU
		Debug Settings|Mixed Platforms = Debug Settings|Mixed Platforms
		Debug Settings|Pocket PC 2003 (ARMV4) = Debug Settings|Pocket PC 2003 (ARMV4)
		Debug Settings|STANDARDSDK_500 (ARMV4I) = Debug Settings|STANDARDSDK_500 (ARMV4I)
		Debug Settings|STANDARDSDK_500 (MIPSII) = Debug Settings|STANDARDSDK_500 (MIPSII)
		Debug Settings|STANDARDSDK_500 (MIPSII_FP) = Debug Settings|STANDARDSDK_500 (MIPSII_FP)
		Debug Settings|STANDARDSDK_500 (MIPSIV) = Debug Settings|STANDARDSDK_500 (MIPSIV)
		Debug Settings|STANDARDSDK_500 (MIPSIV_FP) = Debug Settings|STANDARDSDK_500 (MIPSIV_FP)
		Debug Settings|STANDARDSDK_500 (SH4) = Debug Settings|STANDARDSDK_500 (SH4)
		Debug Settings|STANDARDSDK_500 (x86) = Debug Settings|STANDARDSDK_500 (x86)
		Debug Settings|Windows Mobile 5.0 Pocket PC SDK (ARMV4I) = Debug Settings|Windows Mobile 5.0 Pocket PC SDK (ARMV4I)
		Debug Settings|Windows Mobile 5.0 Smartphone SDK (ARMV4I) = Debug Settings|Windows Mobile 5.0 Smartphone SDK (ARMV4I)
		Debug Settings|Windows Mobile 6 Professional SDK (ARMV4I) = Debug Settings|Windows Mobile 6 Professional SDK (ARMV4I)
		Debug Settings|Windows Mobile 6 Standard SDK (ARMV4I) = Debug Settings|Windows Mobile 6 Standard SDK (ARMV4I)
		Debug Settings|Windows Mobile 6.5.3 Professional DTK (ARMV4I) = Debug Settings|Windows Mobile 6.5.3 Professional DTK (ARMV4I)
		Debug|Any CPU = Debug|Any CPU
		Debug|Mixed Platforms = Debug|Mixed Platforms
		Debug|Pocket PC 2003 (ARMV4) = Debug|Pocket PC 2003 (ARMV4)
		Debug|STANDARDSDK_500 (ARMV4I) = Debug|STANDARDSDK_500 (ARMV4I)
		Debug|STANDARDSDK_500 (MIPSII) = Debug|STANDARDSDK_500 (MIPSII)
		Debug|STANDARDSDK_500 (MIPSII_FP) = Debug|STANDARDSDK_500 (MIPSII_FP)
		Debug|STANDARDSDK_500 (MIPSIV) = Debug|STANDARDSDK_500 (MIPSIV)
		Debug|STANDARDSDK_500 (MIPSIV_FP) = Debug|STANDARDSDK_500 (MIPSIV_FP)
		Debug|STANDARDSDK_500 (SH4) = Debug|STANDARDSDK_500 (SH4)
		Debug|STANDARDSDK_500 (x86) = Debug|STANDARDSDK_500 (x86)
		Debug|Windows Mobile 5.0 Pocket PC SDK (ARMV4I) = Debug|Windows Mobile 5.0 Pocket PC SDK (ARMV4I)
		Debug|Windows Mobile 5.0 Smartphone SDK (ARMV4I) = Debug|Windows Mobile 5.0 Smartphone SDK (ARMV4I)
		Debug|Windows Mobile 6 Professional SDK (ARMV4I) = Debug|Windows Mobile 6 Professional SDK (ARMV4I)
		Debug|Windows Mobile 6 Standard SDK (ARMV4I) = Debug|Windows Mobile 6 Standard SDK (ARMV4I)
		Debug|Windows Mobile 6.5.3 Professional DTK (ARMV4I) = Debug|Windows Mobile 6.5.3 Professional DTK (ARMV4I)
		Release|Any CPU = Release|Any CPU
		Release|Mixed Platforms = Release|Mixed Platforms
		Release|Pocket PC 2003 (ARMV4) = Release|Pocket PC 2003 (ARMV4)
		Release|STANDARDSDK_500 (ARMV4I) = Release|STANDARDSDK_500 (ARMV4I)
		Release|STANDARDSDK_500 (MIPSII) = Release|STANDARDSDK_500 (MIPSII)
		Release|STANDARDSDK_500 (MIPSII_FP) = Release|STANDARDSDK_500 (MIPSII_FP)
		Release|STANDARDSDK_500 (MIPSIV) = Release|STANDARDSDK_500 (MIPSIV)
		Release|STANDARDSDK_500 (MIPSIV_FP) = Release|STANDARDSDK_500 (MIPSIV_FP)
		Release|STANDARDSDK_500 (SH4) = Release|STANDARDSDK_500 (SH4)
		Release|STANDARDSDK_500 (x86) = Release|STANDARDSDK_500 (x86)
		Release|Windows Mobile 5.0 Pocket PC SDK (ARMV4I) = Release|Windows Mobile 5.0 Pocket PC SDK (ARMV4I)
		Release|Windows Mobile 5.0 Smartphone SDK (ARMV4I) = Release|Windows Mobile 5.0 Smartphone SDK (ARMV4I)
		Release|Windows Mobile 6 Professional SDK (ARMV4I) = Release|Windows Mobile 6 Professional SDK (ARMV4I)
		Release|Windows Mobile 6 Standard SDK (ARMV4I) = Release|Windows Mobile 6 Standard SDK (ARMV4I)
		Release|Windows Mobile 6.5.3 Professional DTK (ARMV4I) = Release|Windows Mobile 6.5.3 Professional DTK (ARMV4I)
	EndGlobalSection
	GlobalSection(ProjectConfigurationPlatforms) = postSolution
		{8E93CA43-CA16-44D7-B042-B48461C0F83F}.Debug Settings|Any CPU.ActiveCfg = Debug Settings|Windows Mobile 5.0 Smartphone SDK (ARMV4I)
		{8E93CA43-CA16-44D7-B042-B48461C0F83F}.Debug Settings|Mixed Platforms.ActiveCfg = Debug Settings|Windows Mobile 5.0 Smartphone SDK (ARMV4I)
		{8E93CA43-CA16-44D7-B042-B48461C0F83F}.Debug Settings|Mixed Platforms.Build.0 = Debug Settings|Windows Mobile 5.0 Smartphone SDK (ARMV4I)
		{8E93CA43-CA16-44D7-B042-B48461C0F83F}.Debug Settings|Mixed Platforms.Deploy.0 = Debug Settings|Windows Mobile 5.0 Smartphone SDK (ARMV4I)
		{8E93CA43-CA16-44D7-B042-B48461C0F83F}.Debug Settings|Pocket PC 2003 (ARMV4).ActiveCfg = Debug Settings|Pocket PC 2003 (ARMV4)
		{8E93CA43-CA16-44D7-B042-B48461C0F83F}.Debug Settings|Pocket PC 2003 (ARMV4).Build.0 = Debug Settings|Pocket PC 2003 (ARMV4)
		{8E93CA43-CA16-44D7-B042-B48461C0F83F}.Debug Settings|Pocket PC 2003 (ARMV4).Deploy.0 = Debug Settings|Pocket PC 2003 (ARMV4)
		{8E93CA43-CA16-44D7-B042-B48461C0F83F}.Debug Settings|STANDARDSDK_500 (ARMV4I).ActiveCfg = Debug Settings|STANDARDSDK_500 (ARMV4I)
		{8E93CA43-CA16-44D7-B042-B48461C0F83F}.Debug Settings|STANDARDSDK_500 (ARMV4I).Build.0 = Debug Settings|STANDARDSDK_500 (ARMV4I)
		{8E93CA43-CA16-44D7-B042-B48461C0F83F}.Debug Settings|STANDARDSDK_500 (ARMV4I).Deploy.0 = Debug Settings|STANDARDSDK_500 (ARMV4I)
		{8E93CA43-CA16-44D7-B042-B48461C0F83F}.Debug Settings|STANDARDSDK_500 (MIPSII).ActiveCfg = Debug Settings|STANDARDSDK_500 (ARMV4I)
		{8E93CA43-CA16-44D7-B042-B48461C0F83F}.Debug Settings|STANDARDSDK_500 (MIPSII_FP).ActiveCfg = Debug Settings|STANDARDSDK_500 (ARMV4I)
		{8E93CA43-CA16-44D7-B042-B48461C0F83F}.Debug Settings|STANDARDSDK_500 (MIPSIV).ActiveCfg = Debug Settings|STANDARDSDK_500 (ARMV4I)
		{8E93CA43-CA16-44D7-B042-B48461C0F83F}.Debug Settings|STANDARDSDK_500 (MIPSIV_FP).ActiveCfg = Debug Settings|STANDARDSDK_500 (ARMV4I)
		{8E93CA43-CA16-44D7-B042-B48461C0F83F}.Debug Settings|STANDARDSDK_500 (SH4).ActiveCfg = Debug Settings|STANDARDSDK_500 (ARMV4I)
		{8E93CA43-CA16-44D7-B042-B48461C0F83F}.Debug Settings|STANDARDSDK_500 (x86).ActiveCfg = Debug Settings|STANDARDSDK_500 (ARMV4I)
		{8E93CA43-CA16-44D7-B042-B48461C0F83F}.Debug Settings|Windows Mobile 5.0 Pocket PC SDK (ARMV4I).ActiveCfg = Debug Settings|Windows Mobile 5.0 Pocket PC SDK (ARMV4I)
		{8E93CA43-CA16-44D7-B042-B48461C0F83F}.Debug Settings|Windows Mobile 5.0 Smartphone SDK (ARMV4I).ActiveCfg = Debug Settings|Windows Mobile 5.0 Smartphone SDK (ARMV4I)
		{8E93CA43-CA16-44D7-B042-B48461C0F83F}.Debug Settings|Windows Mobile 5.0 Smartphone SDK (ARMV4I).Build.0 = Debug Settings|Windows Mobile 5.0 Smartphone SDK (ARMV4I)
		{8E93CA43-CA16-44D7-B042-B48461C0F83F}.Debug Settings|Windows Mobile 5.0 Smartphone SDK (ARMV4I).Deploy.0 = Debug Settings|Windows Mobile 5.0 Smartphone SDK (ARMV4I)
		{8E93CA43-CA16-44D7-B042-B48461C0F83F}.Debug Settings|Windows Mobile 6 Professional SDK (ARMV4I).ActiveCfg = Debug Settings|Windows Mobile 6 Professional SDK (ARMV4I)
		{8E93CA43-CA16-44D7-B042-B48461C0F83F}.Debug Settings|Windows Mobile 6 Professional SDK (ARMV4I).Build.0 = Debug Settings|Windows Mobile 6 Professional SDK (ARMV4I)
		{8E93CA43-CA16-44D7-B042-B48461C0F83F}.Debug Settings|Windows Mobile 6 Professional SDK (ARMV4I).Deploy.0 = Debug Settings|Windows Mobile 6 Professional SDK (ARMV4I)
		{8E93CA43-CA16-44D7-B042-B48461C0F83F}.Debug Settings|Windows Mobile 6 Standard SDK (ARMV4I).ActiveCfg = Debug Settings|Windows Mobile 6 Standard SDK (ARMV4I)
		{8E93CA43-CA16-44D7-B042-B48461C0F83F}.Debug Settings|Windows Mobile 6 Standard SDK (ARMV4I).Build.0 = Debug Settings|Windows Mobile 6 Standard SDK (ARMV4I)
		{8E93CA43-CA16-44D7-B042-B48461C0F83F}.Debug Settings|Windows Mobile 6 Standard SDK (ARMV4I).Deploy.0 = Debug Settings|Windows Mobile 6 Standard SDK (ARMV4I)
		{8E93CA43-CA16-44D7-B042-B48461C0F83F}.Debug Settings|Windows Mobile 6.5.3 Professional DTK (ARMV4I).ActiveCfg = Debug Settings|Windows Mobile 6.5.3 Professional DTK (ARMV4I)
		{8E93CA43-CA16-44D7-B042-B48461C0F83F}.Debug Settings|Windows Mobile 6.5.3 Professional DTK (ARMV4I).Build.0 = Debug Settings|Windows Mobile 6.5.3 Professional DTK (ARMV4I)
		{8E93CA43-CA16-44D7-B042-B48461C0F83F}.Debug Settings|Windows Mobile 6.5.3 Professional DTK (ARMV4I).Deploy.0 = Debug Settings|Windows Mobile 6.5.3 Professional DTK (ARMV4I)
		{8E93CA43-CA16-44D7-B042-B48461C0F83F}.Debug|Any CPU.ActiveCfg = Debug|Windows Mobile 5.0 Smartphone SDK (ARMV4I)
		{8E93CA43-CA16-44D7-B042-B48461C0F83F}.Debug|Mixed Platforms.ActiveCfg = Debug|Windows Mobile 5.0 Smartphone SDK (ARMV4I)
		{8E93CA43-CA16-44D7-B042-B48461C0F83F}.Debug|Mixed Platforms.Build.0 = Debug|Windows Mobile 5.0 Smartphone SDK (ARMV4I)
		{8E93CA43-CA16-44D7-B042-B48461C0F83F}.Debug|Mixed Platforms.Deploy.0 = Debug|Windows Mobile 5.0 Smartphone SDK (ARMV4I)
		{8E93CA43-CA16-44D7-B042-B48461C0F83F}.Debug|Pocket PC 2003 (ARMV4).ActiveCfg = Debug|Pocket PC 2003 (ARMV4)
		{8E93CA43-CA16-44D7-B042-B48461C0F83F}.Debug|Pocket PC 2003 (ARMV4).Build.0 = Debug|Pocket PC 2003 (ARMV4)
		{8E93CA43-CA16-44D7-B042-B48461C0F83F}.Debug|Pocket PC 2003 (ARMV4).Deploy.0 = Debug|Pocket PC 2003 (ARMV4)
		{8E93CA43-CA16-44D7-B042-B48461C0F83F}.Debug|STANDARDSDK_500 (ARMV4I).ActiveCfg = Debug|STANDARDSDK_500 (ARMV4I)
		{8E93CA43-CA16-44D7-B042-B48461C0F83F}.Debug|STANDARDSDK_500 (ARMV4I).Build.0 = Debug|STANDARDSDK_500 (ARMV4I)
		{8E93CA43-CA16-44D7-B042-B48461C0F83F}.Debug|STANDARDSDK_500 (ARMV4I).Deploy.0 = Debug|STANDARDSDK_500 (ARMV4I)
		{8E93CA43-CA16-44D7-B042-B48461C0F83F}.Debug|STANDARDSDK_500 (MIPSII).ActiveCfg = Debug|STANDARDSDK_500 (ARMV4I)
		{8E93CA43-CA16-44D7-B042-B48461C0F83F}.Debug|STANDARDSDK_500 (MIPSII_FP).ActiveCfg = Debug|STANDARDSDK_500 (ARMV4I)
		{8E93CA43-CA16-44D7-B042-B48461C0F83F}.Debug|STANDARDSDK_500 (MIPSIV).ActiveCfg = Debug|STANDARDSDK_500 (ARMV4I)
		{8E93CA43-CA16-44D7-B042-B48461C0F83F}.Debug|STANDARDSDK_500 (MIPSIV_FP).ActiveCfg = Debug|STANDARDSDK_500 (ARMV4I)
		{8E93CA43-CA16-44D7-B042-B48461C0F83F}.Debug|STANDARDSDK_500 (SH4).ActiveCfg = Debug|STANDARDSDK_500 (ARMV4I)
		{8E93CA43-CA16-44D7-B042-B48461C0F83F}.Debug|STANDARDSDK_500 (x86).ActiveCfg = Debug|STANDARDSDK_500 (ARMV4I)
		{8E93CA43-CA16-44D7-B042-B48461C0F83F}.Debug|Windows Mobile 5.0 Pocket PC SDK (ARMV4I).ActiveCfg = Debug|Windows Mobile 5.0 Pocket PC SDK (ARMV4I)
		{8E93CA43-CA16-44D7-B042-B48461C0F83F}.Debug|Windows Mobile 5.0 Pocket PC SDK (ARMV4I).Build.0 = Debug|Windows Mobile 5.0 Pocket PC SDK (ARMV4I)
		{8E93CA43-CA16-44D7-B042-B48461C0F83F}.Debug|Windows Mobile 5.0 Pocket PC SDK (ARMV4I).Deploy.0 = Debug|Windows Mobile 5.0 Pocket PC SDK (ARMV4I)
		{8E93CA43-CA16-44D7-B042-B48461C0F83F}.Debug|Windows Mobile 5.0 Smartphone SDK (ARMV4I).ActiveCfg = Debug|Windows Mobile 5.0 Smartphone SDK (ARMV4I)
		{8E93CA43-CA16-44D7-B042-B48461C0F83F}.Debug|Windows Mobile 5.0 Smartphone SDK (ARMV4I).Build.0 = Debug|Windows Mobile 5.0 Smartphone SDK (ARMV4I)
		{8E93CA43-CA16-44D7-B042-B48461C0F83F}.Debug|Windows Mobile 5.0 Smartphone SDK (ARMV4I).Deploy.0 = Debug|Windows Mobile 5.0 Smartphone SDK (ARMV4I)
		{8E93CA43-CA16-44D7-B042-B48461C0F83F}.Debug|Windows Mobile 6 Professional SDK (ARMV4I).ActiveCfg = Debug|Windows Mobile 6 Professional SDK (ARMV4I)
		{8E93CA43-CA16-44D7-B042-B48461C0F83F}.Debug|Windows Mobile 6 Standard SDK (ARMV4I).ActiveCfg = Debug|Windows Mobile 6 Standard SDK (ARMV4I)
		{8E93CA43-CA16-44D7-B042-B48461C0F83F}.Debug|Windows Mobile 6 Standard SDK (ARMV4I).Build.0 = Debug|Windows Mobile 6 Standard SDK (ARMV4I)
		{8E93CA43-CA16-44D7-B042-B48461C0F83F}.Debug|Windows Mobile 6 Standard SDK (ARMV4I).Deploy.0 = Debug|Windows Mobile 6 Standard SDK (ARMV4I)
		{8E93CA43-CA16-44D7-B042-B48461C0F83F}.Debug|Windows Mobile 6.5.3 Professional DTK (ARMV4I).ActiveCfg = Debug|Windows Mobile 6.5.3 Professional DTK (ARMV4I)
		{8E93CA43-CA16-44D7-B042-B48461C0F83F}.Debug|Windows Mobile 6.5.3 Professional DTK (ARMV4I).Build.0 = Debug|Windows Mobile 6.5.3 Professional DTK (ARMV4I)
		{8E93CA43-CA16-44D7-B042-B48461C0F83F}.Debug|Windows Mobile 6.5.3 Professional DTK (ARMV4I).Deploy.0 = Debug|Windows Mobile 6.5.3 Professional DTK (ARMV4I)
		{8E93CA43-CA16-44D7-B042-B48461C0F83F}.Release|Any CPU.ActiveCfg = Release|Windows Mobile 5.0 Smartphone SDK (ARMV4I)
		{8E93CA43-CA16-44D7-B042-B48461C0F83F}.Release|Mixed Platforms.ActiveCfg = Release|Windows Mobile 5.0 Pocket PC SDK (ARMV4I)
		{8E93CA43-CA16-44D7-B042-B48461C0F83F}.Release|Mixed Platforms.Build.0 = Release|Windows Mobile 5.0 Pocket PC SDK (ARMV4I)
		{8E93CA43-CA16-44D7-B042-B48461C0F83F}.Release|Mixed Platforms.Deploy.0 = Release|Windows Mobile 5.0 Pocket PC SDK (ARMV4I)
		{8E93CA43-CA16-44D7-B042-B48461C0F83F}.Release|Pocket PC 2003 (ARMV4).ActiveCfg = Release|Pocket PC 2003 (ARMV4)
		{8E93CA43-CA16-44D7-B042-B48461C0F83F}.Release|Pocket PC 2003 (ARMV4).Build.0 = Release|Pocket PC 2003 (ARMV4)
		{8E93CA43-CA16-44D7-B042-B48461C0F83F}.Release|Pocket PC 2003 (ARMV4).Deploy.0 = Release|Pocket PC 2003 (ARMV4)
		{8E93CA43-CA16-44D7-B042-B48461C0F83F}.Release|STANDARDSDK_500 (ARMV4I).ActiveCfg = Release|STANDARDSDK_500 (ARMV4I)
		{8E93CA43-CA16-44D7-B042-B48461C0F83F}.Release|STANDARDSDK_500 (ARMV4I).Build.0 = Release|STANDARDSDK_500 (ARMV4I)
		{8E93CA43-CA16-44D7-B042-B48461C0F83F}.Release|STANDARDSDK_500 (ARMV4I).Deploy.0 = Release|STANDARDSDK_500 (ARMV4I)
		{8E93CA43-CA16-44D7-B042-B48461C0F83F}.Release|STANDARDSDK_500 (MIPSII).ActiveCfg = Release|STANDARDSDK_500 (ARMV4I)
		{8E93CA43-CA16-44D7-B042-B48461C0F83F}.Release|STANDARDSDK_500 (MIPSII_FP).ActiveCfg = Release|STANDARDSDK_500 (ARMV4I)
		{8E93CA43-CA16-44D7-B042-B48461C0F83F}.Release|STANDARDSDK_500 (MIPSIV).ActiveCfg = Release|STANDARDSDK_500 (ARMV4I)
		{8E93CA43-CA16-44D7-B042-B48461C0F83F}.Release|STANDARDSDK_500 (MIPSIV_FP).ActiveCfg = Release|STANDARDSDK_500 (ARMV4I)
		{8E93CA43-CA16-44D7-B042-B48461C0F83F}.Release|STANDARDSDK_500 (SH4).ActiveCfg = Release|STANDARDSDK_500 (ARMV4I)
		{8E93CA43-CA16-44D7-B042-B48461C0F83F}.Release|STANDARDSDK_500 (x86).ActiveCfg = Release|STANDARDSDK_500 (ARMV4I)
		{8E93CA43-CA16-44D7-B042-B48461C0F83F}.Release|Windows Mobile 5.0 Pocket PC SDK (ARMV4I).ActiveCfg = Release|Windows Mobile 5.0 Pocket PC SDK (ARMV4I)
		{8E93CA43-CA16-44D7-B042-B48461C0F83F}.Release|Windows Mobile 5.0 Smartphone SDK (ARMV4I).ActiveCfg = Release|Windows Mobile 5.0 Smartphone SDK (ARMV4I)
		{8E93CA43-CA16-44D7-B042-B48461C0F83F}.Release|Windows Mobile 5.0 Smartphone SDK (ARMV4I).Build.0 = Release|Windows Mobile 5.0 Smartphone SDK (ARMV4I)
		{8E93CA43-CA16-44D7-B042-B48461C0F83F}.Release|Windows Mobile 5.0 Smartphone SDK (ARMV4I).Deploy.0 = Release|Windows Mobile 5.0 Smartphone SDK (ARMV4I)
		{8E93CA43-CA16-44D7-B042-B48461C0F83F}.Release|Windows Mobile 6 Professional SDK (ARMV4I).ActiveCfg = Release|Windows Mobile 6 Professional SDK (ARMV4I)
		{8E93CA43-CA16-44D7-B042-B48461C0F83F}.Release|Windows Mobile 6 Professional SDK (ARMV4I).Build.0 = Release|Windows Mobile 6 Professional SDK (ARMV4I)
		{8E93CA43-CA16-44D7-B042-B48461C0F83F}.Release|Windows Mobile 6 Professional SDK (ARMV4I).Deploy.0 = Release|Windows Mobile 6 Professional SDK (ARMV4I)
		{8E93CA43-CA16-44D7-B042-B48461C0F83F}.Release|Windows Mobile 6 Standard SDK (ARMV4I).ActiveCfg = Release|Windows Mobile 6 Standard SDK (ARMV4I)
		{8E93CA43-CA16-44D7-B042-B48461C0F83F}.Release|Windows Mobile 6 Standard SDK (ARMV4I).Build.0 = Release|Windows Mobile 6 Standard SDK (ARMV4I)
		{8E93CA43-CA16-44D7-B042-B48461C0F83F}.Release|Windows Mobile 6 Standard SDK (ARMV4I).Deploy.0 = Release|Windows Mobile 6 Standard SDK (ARMV4I)
		{8E93CA43-CA16-44D7-B042-B48461C0F83F}.Release|Windows Mobile 6.5.3 Professional DTK (ARMV4I).ActiveCfg = Release|Windows Mobile 6.5.3 Professional DTK (ARMV4I)
		{8E93CA43-CA16-44D7-B042-B48461C0F83F}.Release|Windows Mobile 6.5.3 Professional DTK (ARMV4I).Build.0 = Release|Windows Mobile 6.5.3 Professional DTK (ARMV4I)
		{8E93CA43-CA16-44D7-B042-B48461C0F83F}.Release|Windows Mobile 6.5.3 Professional DTK (ARMV4I).Deploy.0 = Release|Windows Mobile 6.5.3 Professional DTK (ARMV4I)
		{9927BE0B-E1E9-4B95-BA3A-F085CDC46372}.Debug Settings|Any CPU.ActiveCfg = Debug Settings|Any CPU
		{9927BE0B-E1E9-4B95-BA3A-F085CDC46372}.Debug Settings|Any CPU.Deploy.0 = Debug Settings|Any CPU
		{9927BE0B-E1E9-4B95-BA3A-F085CDC46372}.Debug Settings|Mixed Platforms.ActiveCfg = Debug Settings|Any CPU
		{9927BE0B-E1E9-4B95-BA3A-F085CDC46372}.Debug Settings|Mixed Platforms.Build.0 = Debug Settings|Any CPU
		{9927BE0B-E1E9-4B95-BA3A-F085CDC46372}.Debug Settings|Mixed Platforms.Deploy.0 = Debug Settings|Any CPU
		{9927BE0B-E1E9-4B95-BA3A-F085CDC46372}.Debug Settings|Pocket PC 2003 (ARMV4).ActiveCfg = Debug Settings|Any CPU
		{9927BE0B-E1E9-4B95-BA3A-F085CDC46372}.Debug Settings|STANDARDSDK_500 (ARMV4I).ActiveCfg = Debug Settings|Any CPU
		{9927BE0B-E1E9-4B95-BA3A-F085CDC46372}.Debug Settings|STANDARDSDK_500 (MIPSII).ActiveCfg = Debug Settings|Any CPU
		{9927BE0B-E1E9-4B95-BA3A-F085CDC46372}.Debug Settings|STANDARDSDK_500 (MIPSII_FP).ActiveCfg = Debug Settings|Any CPU
		{9927BE0B-E1E9-4B95-BA3A-F085CDC46372}.Debug Settings|STANDARDSDK_500 (MIPSIV).ActiveCfg = Debug Settings|Any CPU
		{9927BE0B-E1E9-4B95-BA3A-F085CDC46372}.Debug Settings|STANDARDSDK_500 (MIPSIV_FP).ActiveCfg = Debug Settings|Any CPU
		{9927BE0B-E1E9-4B95-BA3A-F085CDC46372}.Debug Settings|STANDARDSDK_500 (SH4).ActiveCfg = Debug Settings|Any CPU
		{9927BE0B-E1E9-4B95-BA3A-F085CDC46372}.Debug Settings|STANDARDSDK_500 (x86).ActiveCfg = Debug Settings|Any CPU
		{9927BE0B-E1E9-4B95-BA3A-F085CDC46372}.Debug Settings|Windows Mobile 5.0 Pocket PC SDK (ARMV4I).ActiveCfg = Debug Settings|Any CPU
		{9927BE0B-E1E9-4B95-BA3A-F085CDC46372}.Debug Settings|Windows Mobile 5.0 Smartphone SDK (ARMV4I).ActiveCfg = Debug Settings|Any CPU
		{9927BE0B-E1E9-4B95-BA3A-F085CDC46372}.Debug Settings|Windows Mobile 6 Professional SDK (ARMV4I).ActiveCfg = Debug Settings|Any CPU
		{9927BE0B-E1E9-4B95-BA3A-F085CDC46372}.Debug Settings|Windows Mobile 6 Standard SDK (ARMV4I).ActiveCfg = Debug Settings|Any CPU
		{9927BE0B-E1E9-4B95-BA3A-F085CDC46372}.Debug Settings|Windows Mobile 6.5.3 Professional DTK (ARMV4I).ActiveCfg = Debug Settings|Any CPU
		{9927BE0B-E1E9-4B95-BA3A-F085CDC46372}.Debug|Any CPU.ActiveCfg = Debug|Any CPU
		{9927BE0B-E1E9-4B95-BA3A-F085CDC46372}.Debug|Any CPU.Build.0 = Debug|Any CPU
		{9927BE0B-E1E9-4B95-BA3A-F085CDC46372}.Debug|Any CPU.Deploy.0 = Debug|Any CPU
		{9927BE0B-E1E9-4B95-BA3A-F085CDC46372}.Debug|Mixed Platforms.ActiveCfg = Debug|Any CPU
		{9927BE0B-E1E9-4B95-BA3A-F085CDC46372}.Debug|Mixed Platforms.Build.0 = Debug|Any CPU
		{9927BE0B-E1E9-4B95-BA3A-F085CDC46372}.Debug|Mixed Platforms.Deploy.0 = Debug|Any CPU
		{9927BE0B-E1E9-4B95-BA3A-F085CDC46372}.Debug|Pocket PC 2003 (ARMV4).ActiveCfg = Debug|Any CPU
		{9927BE0B-E1E9-4B95-BA3A-F085CDC46372}.Debug|Pocket PC 2003 (ARMV4).Build.0 = Debug|Any CPU
		{9927BE0B-E1E9-4B95-BA3A-F085CDC46372}.Debug|Pocket PC 2003 (ARMV4).Deploy.0 = Debug|Any CPU
		{9927BE0B-E1E9-4B95-BA3A-F085CDC46372}.Debug|STANDARDSDK_500 (ARMV4I).ActiveCfg = Debug|Any CPU
		{9927BE0B-E1E9-4B95-BA3A-F085CDC46372}.Debug|STANDARDSDK_500 (MIPSII).ActiveCfg = Debug|Any CPU
		{9927BE0B-E1E9-4B95-BA3A-F085CDC46372}.Debug|STANDARDSDK_500 (MIPSII_FP).ActiveCfg = Debug|Any CPU
		{9927BE0B-E1E9-4B95-BA3A-F085CDC46372}.Debug|STANDARDSDK_500 (MIPSIV).ActiveCfg = Debug|Any CPU
		{9927BE0B-E1E9-4B95-BA3A-F085CDC46372}.Debug|STANDARDSDK_500 (MIPSIV_FP).ActiveCfg = Debug|Any CPU
		{9927BE0B-E1E9-4B95-BA3A-F085CDC46372}.Debug|STANDARDSDK_500 (SH4).ActiveCfg = Debug|Any CPU
		{9927BE0B-E1E9-4B95-BA3A-F085CDC46372}.Debug|STANDARDSDK_500 (x86).ActiveCfg = Debug|Any CPU
		{9927BE0B-E1E9-4B95-BA3A-F085CDC46372}.Debug|Windows Mobile 5.0 Pocket PC SDK (ARMV4I).ActiveCfg = Debug|Any CPU
		{9927BE0B-E1E9-4B95-BA3A-F085CDC46372}.Debug|Windows Mobile 5.0 Pocket PC SDK (ARMV4I).Build.0 = Debug|Any CPU
		{9927BE0B-E1E9-4B95-BA3A-F085CDC46372}.Debug|Windows Mobile 5.0 Pocket PC SDK (ARMV4I).Deploy.0 = Debug|Any CPU
		{9927BE0B-E1E9-4B95-BA3A-F085CDC46372}.Debug|Windows Mobile 5.0 Smartphone SDK (ARMV4I).ActiveCfg = Debug|Any CPU
		{9927BE0B-E1E9-4B95-BA3A-F085CDC46372}.Debug|Windows Mobile 6 Professional SDK (ARMV4I).ActiveCfg = Debug|Any CPU
		{9927BE0B-E1E9-4B95-BA3A-F085CDC46372}.Debug|Windows Mobile 6 Standard SDK (ARMV4I).ActiveCfg = Debug|Any CPU
		{9927BE0B-E1E9-4B95-BA3A-F085CDC46372}.Debug|Windows Mobile 6.5.3 Professional DTK (ARMV4I).ActiveCfg = Debug|Any CPU
		{9927BE0B-E1E9-4B95-BA3A-F085CDC46372}.Release|Any CPU.ActiveCfg = Release|Any CPU
		{9927BE0B-E1E9-4B95-BA3A-F085CDC46372}.Release|Any CPU.Build.0 = Release|Any CPU
		{9927BE0B-E1E9-4B95-BA3A-F085CDC46372}.Release|Any CPU.Deploy.0 = Release|Any CPU
		{9927BE0B-E1E9-4B95-BA3A-F085CDC46372}.Release|Mixed Platforms.ActiveCfg = Release|Any CPU
		{9927BE0B-E1E9-4B95-BA3A-F085CDC46372}.Release|Mixed Platforms.Build.0 = Release|Any CPU
		{9927BE0B-E1E9-4B95-BA3A-F085CDC46372}.Release|Mixed Platforms.Deploy.0 = Release|Any CPU
		{9927BE0B-E1E9-4B95-BA3A-F085CDC46372}.Release|Pocket PC 2003 (ARMV4).ActiveCfg = Release|Any CPU
		{9927BE0B-E1E9-4B95-BA3A-F085CDC46372}.Release|STANDARDSDK_500 (ARMV4I).ActiveCfg = Release|Any CPU
		{9927BE0B-E1E9-4B95-BA3A-F085CDC46372}.Release|STANDARDSDK_500 (MIPSII).ActiveCfg = Release|Any CPU
		{9927BE0B-E1E9-4B95-BA3A-F085CDC46372}.Release|STANDARDSDK_500 (MIPSII_FP).ActiveCfg = Release|Any CPU
		{9927BE0B-E1E9-4B95-BA3A-F085CDC46372}.Release|STANDARDSDK_500 (MIPSIV).ActiveCfg = Release|Any CPU
		{9927BE0B-E1E9-4B95-BA3A-F085CDC46372}.Release|STANDARDSDK_500 (MIPSIV_FP).ActiveCfg = Release|Any CPU
		{9927BE0B-E1E9-4B95-BA3A-F085CDC46372}.Release|STANDARDSDK_500 (SH4).ActiveCfg = Release|Any CPU
		{9927BE0B-E1E9-4B95-BA3A-F085CDC46372}.Release|STANDARDSDK_500 (x86).ActiveCfg = Release|Any CPU
		{9927BE0B-E1E9-4B95-BA3A-F085CDC46372}.Release|Windows Mobile 5.0 Pocket PC SDK (ARMV4I).ActiveCfg = Release|Any CPU
		{9927BE0B-E1E9-4B95-BA3A-F085CDC46372}.Release|Windows Mobile 5.0 Pocket PC SDK (ARMV4I).Build.0 = Release|Any CPU
		{9927BE0B-E1E9-4B95-BA3A-F085CDC46372}.Release|Windows Mobile 5.0 Pocket PC SDK (ARMV4I).Deploy.0 = Release|Any CPU
		{9927BE0B-E1E9-4B95-BA3A-F085CDC46372}.Release|Windows Mobile 5.0 Smartphone SDK (ARMV4I).ActiveCfg = Release|Any CPU
		{9927BE0B-E1E9-4B95-BA3A-F085CDC46372}.Release|Windows Mobile 6 Professional SDK (ARMV4I).ActiveCfg = Release|Any CPU
		{9927BE0B-E1E9-4B95-BA3A-F085CDC46372}.Release|Windows Mobile 6 Professional SDK (ARMV4I).Build.0 = Release|Any CPU
		{9927BE0B-E1E9-4B95-BA3A-F085CDC46372}.Release|Windows Mobile 6 Standard SDK (ARMV4I).ActiveCfg = Release|Any CPU
		{9927BE0B-E1E9-4B95-BA3A-F085CDC46372}.Release|Windows Mobile 6.5.3 Professional DTK (ARMV4I).ActiveCfg = Release|Any CPU
		{800E63EC-AA45-4A73-8F97-5F2F317AA9B0}.Debug Settings|Any CPU.ActiveCfg = Debug|Windows Mobile 5.0 Smartphone SDK (ARMV4I)
		{800E63EC-AA45-4A73-8F97-5F2F317AA9B0}.Debug Settings|Mixed Platforms.ActiveCfg = Debug|Windows Mobile 5.0 Smartphone SDK (ARMV4I)
		{800E63EC-AA45-4A73-8F97-5F2F317AA9B0}.Debug Settings|Mixed Platforms.Build.0 = Debug|Windows Mobile 5.0 Smartphone SDK (ARMV4I)
		{800E63EC-AA45-4A73-8F97-5F2F317AA9B0}.Debug Settings|Mixed Platforms.Deploy.0 = Debug|Windows Mobile 5.0 Smartphone SDK (ARMV4I)
		{800E63EC-AA45-4A73-8F97-5F2F317AA9B0}.Debug Settings|Pocket PC 2003 (ARMV4).ActiveCfg = Debug|Pocket PC 2003 (ARMV4)
		{800E63EC-AA45-4A73-8F97-5F2F317AA9B0}.Debug Settings|Pocket PC 2003 (ARMV4).Build.0 = Debug|Pocket PC 2003 (ARMV4)
		{800E63EC-AA45-4A73-8F97-5F2F317AA9B0}.Debug Settings|Pocket PC 2003 (ARMV4).Deploy.0 = Debug|Pocket PC 2003 (ARMV4)
		{800E63EC-AA45-4A73-8F97-5F2F317AA9B0}.Debug Settings|STANDARDSDK_500 (ARMV4I).ActiveCfg = Debug|Windows Mobile 5.0 Smartphone SDK (ARMV4I)
		{800E63EC-AA45-4A73-8F97-5F2F317AA9B0}.Debug Settings|STANDARDSDK_500 (MIPSII).ActiveCfg = Debug|Windows Mobile 5.0 Smartphone SDK (ARMV4I)
		{800E63EC-AA45-4A73-8F97-5F2F317AA9B0}.Debug Settings|STANDARDSDK_500 (MIPSII_FP).ActiveCfg = Debug|Windows Mobile 5.0 Smartphone SDK (ARMV4I)
		{800E63EC-AA45-4A73-8F97-5F2F317AA9B0}.Debug Settings|STANDARDSDK_500 (MIPSIV).ActiveCfg = Debug|Windows Mobile 5.0 Smartphone SDK (ARMV4I)
		{800E63EC-AA45-4A73-8F97-5F2F317AA9B0}.Debug Settings|STANDARDSDK_500 (MIPSIV_FP).ActiveCfg = Debug|Windows Mobile 5.0 Smartphone SDK (ARMV4I)
		{800E63EC-AA45-4A73-8F97-5F2F317AA9B0}.Debug Settings|STANDARDSDK_500 (SH4).ActiveCfg = Debug|Windows Mobile 5.0 Smartphone SDK (ARMV4I)
		{800E63EC-AA45-4A73-8F97-5F2F317AA9B0}.Debug Settings|STANDARDSDK_500 (x86).ActiveCfg = Debug|Windows Mobile 5.0 Smartphone SDK (ARMV4I)
		{800E63EC-AA45-4A73-8F97-5F2F317AA9B0}.Debug Settings|Windows Mobile 5.0 Pocket PC SDK (ARMV4I).ActiveCfg = Debug|Windows Mobile 5.0 Smartphone SDK (ARMV4I)
		{800E63EC-AA45-4A73-8F97-5F2F317AA9B0}.Debug Settings|Windows Mobile 5.0 Smartphone SDK (ARMV4I).ActiveCfg = Debug|Windows Mobile 5.0 Smartphone SDK (ARMV4I)
		{800E63EC-AA45-4A73-8F97-5F2F317AA9B0}.Debug Settings|Windows Mobile 5.0 Smartphone SDK (ARMV4I).Build.0 = Debug|Windows Mobile 5.0 Smartphone SDK (ARMV4I)
		{800E63EC-AA45-4A73-8F97-5F2F317AA9B0}.Debug Settings|Windows Mobile 5.0 Smartphone SDK (ARMV4I).Deploy.0 = Debug|Windows Mobile 5.0 Smartphone SDK (ARMV4I)
		{800E63EC-AA45-4A73-8F97-5F2F317AA9B0}.Debug Settings|Windows Mobile 6 Professional SDK (ARMV4I).ActiveCfg = Debug|Windows Mobile 5.0 Smartphone SDK (ARMV4I)
		{800E63EC-AA45-4A73-8F97-5F2F317AA9B0}.Debug Settings|Windows Mobile 6 Standard SDK (ARMV4I).ActiveCfg = Debug|Windows Mobile 5.0 Smartphone SDK (ARMV4I)
		{800E63EC-AA45-4A73-8F97-5F2F317AA9B0}.Debug Settings|Windows Mobile 6.5.3 Professional DTK (ARMV4I).ActiveCfg = Debug|Windows Mobile 5.0 Smartphone SDK (ARMV4I)
		{800E63EC-AA45-4A73-8F97-5F2F317AA9B0}.Debug|Any CPU.ActiveCfg = Debug|Windows Mobile 5.0 Smartphone SDK (ARMV4I)
		{800E63EC-AA45-4A73-8F97-5F2F317AA9B0}.Debug|Mixed Platforms.ActiveCfg = Debug|Windows Mobile 5.0 Smartphone SDK (ARMV4I)
		{800E63EC-AA45-4A73-8F97-5F2F317AA9B0}.Debug|Mixed Platforms.Build.0 = Debug|Windows Mobile 5.0 Smartphone SDK (ARMV4I)
		{800E63EC-AA45-4A73-8F97-5F2F317AA9B0}.Debug|Mixed Platforms.Deploy.0 = Debug|Windows Mobile 5.0 Smartphone SDK (ARMV4I)
		{800E63EC-AA45-4A73-8F97-5F2F317AA9B0}.Debug|Pocket PC 2003 (ARMV4).ActiveCfg = Debug|Pocket PC 2003 (ARMV4)
		{800E63EC-AA45-4A73-8F97-5F2F317AA9B0}.Debug|Pocket PC 2003 (ARMV4).Build.0 = Debug|Pocket PC 2003 (ARMV4)
		{800E63EC-AA45-4A73-8F97-5F2F317AA9B0}.Debug|Pocket PC 2003 (ARMV4).Deploy.0 = Debug|Pocket PC 2003 (ARMV4)
		{800E63EC-AA45-4A73-8F97-5F2F317AA9B0}.Debug|STANDARDSDK_500 (ARMV4I).ActiveCfg = Debug|STANDARDSDK_500 (ARMV4I)
		{800E63EC-AA45-4A73-8F97-5F2F317AA9B0}.Debug|STANDARDSDK_500 (ARMV4I).Build.0 = Debug|STANDARDSDK_500 (ARMV4I)
		{800E63EC-AA45-4A73-8F97-5F2F317AA9B0}.Debug|STANDARDSDK_500 (ARMV4I).Deploy.0 = Debug|STANDARDSDK_500 (ARMV4I)
		{800E63EC-AA45-4A73-8F97-5F2F317AA9B0}.Debug|STANDARDSDK_500 (MIPSII).ActiveCfg = Debug|STANDARDSDK_500 (ARMV4I)
		{800E63EC-AA45-4A73-8F97-5F2F317AA9B0}.Debug|STANDARDSDK_500 (MIPSII_FP).ActiveCfg = Debug|STANDARDSDK_500 (ARMV4I)
		{800E63EC-AA45-4A73-8F97-5F2F317AA9B0}.Debug|STANDARDSDK_500 (MIPSIV).ActiveCfg = Debug|STANDARDSDK_500 (ARMV4I)
		{800E63EC-AA45-4A73-8F97-5F2F317AA9B0}.Debug|STANDARDSDK_500 (MIPSIV_FP).ActiveCfg = Debug|STANDARDSDK_500 (ARMV4I)
		{800E63EC-AA45-4A73-8F97-5F2F317AA9B0}.Debug|STANDARDSDK_500 (SH4).ActiveCfg = Debug|STANDARDSDK_500 (ARMV4I)
		{800E63EC-AA45-4A73-8F97-5F2F317AA9B0}.Debug|STANDARDSDK_500 (x86).ActiveCfg = Debug|STANDARDSDK_500 (ARMV4I)
		{800E63EC-AA45-4A73-8F97-5F2F317AA9B0}.Debug|Windows Mobile 5.0 Pocket PC SDK (ARMV4I).ActiveCfg = Debug|Windows Mobile 5.0 Pocket PC SDK (ARMV4I)
		{800E63EC-AA45-4A73-8F97-5F2F317AA9B0}.Debug|Windows Mobile 5.0 Pocket PC SDK (ARMV4I).Build.0 = Debug|Windows Mobile 5.0 Pocket PC SDK (ARMV4I)
		{800E63EC-AA45-4A73-8F97-5F2F317AA9B0}.Debug|Windows Mobile 5.0 Pocket PC SDK (ARMV4I).Deploy.0 = Debug|Windows Mobile 5.0 Pocket PC SDK (ARMV4I)
		{800E63EC-AA45-4A73-8F97-5F2F317AA9B0}.Debug|Windows Mobile 5.0 Smartphone SDK (ARMV4I).ActiveCfg = Debug|Windows Mobile 5.0 Smartphone SDK (ARMV4I)
		{800E63EC-AA45-4A73-8F97-5F2F317AA9B0}.Debug|Windows Mobile 5.0 Smartphone SDK (ARMV4I).Build.0 = Debug|Windows Mobile 5.0 Smartphone SDK (ARMV4I)
		{800E63EC-AA45-4A73-8F97-5F2F317AA9B0}.Debug|Windows Mobile 5.0 Smartphone SDK (ARMV4I).Deploy.0 = Debug|Windows Mobile 5.0 Smartphone SDK (ARMV4I)
		{800E63EC-AA45-4A73-8F97-5F2F317AA9B0}.Debug|Windows Mobile 6 Professional SDK (ARMV4I).ActiveCfg = Debug|Pocket PC 2003 (ARMV4)
		{800E63EC-AA45-4A73-8F97-5F2F317AA9B0}.Debug|Windows Mobile 6 Professional SDK (ARMV4I).Build.0 = Debug|Pocket PC 2003 (ARMV4)
		{800E63EC-AA45-4A73-8F97-5F2F317AA9B0}.Debug|Windows Mobile 6 Professional SDK (ARMV4I).Deploy.0 = Debug|Pocket PC 2003 (ARMV4)
		{800E63EC-AA45-4A73-8F97-5F2F317AA9B0}.Debug|Windows Mobile 6 Standard SDK (ARMV4I).ActiveCfg = Debug|Windows Mobile 6 Standard SDK (ARMV4I)
		{800E63EC-AA45-4A73-8F97-5F2F317AA9B0}.Debug|Windows Mobile 6 Standard SDK (ARMV4I).Build.0 = Debug|Windows Mobile 6 Standard SDK (ARMV4I)
		{800E63EC-AA45-4A73-8F97-5F2F317AA9B0}.Debug|Windows Mobile 6 Standard SDK (ARMV4I).Deploy.0 = Debug|Windows Mobile 6 Standard SDK (ARMV4I)
		{800E63EC-AA45-4A73-8F97-5F2F317AA9B0}.Debug|Windows Mobile 6.5.3 Professional DTK (ARMV4I).ActiveCfg = Debug|Windows Mobile 6.5.3 Professional DTK (ARMV4I)
		{800E63EC-AA45-4A73-8F97-5F2F317AA9B0}.Debug|Windows Mobile 6.5.3 Professional DTK (ARMV4I).Build.0 = Debug|Windows Mobile 6.5.3 Professional DTK (ARMV4I)
		{800E63EC-AA45-4A73-8F97-5F2F317AA9B0}.Debug|Windows Mobile 6.5.3 Professional DTK (ARMV4I).Deploy.0 = Debug|Windows Mobile 6.5.3 Professional DTK (ARMV4I)
		{800E63EC-AA45-4A73-8F97-5F2F317AA9B0}.Release|Any CPU.ActiveCfg = Release|Windows Mobile 5.0 Smartphone SDK (ARMV4I)
		{800E63EC-AA45-4A73-8F97-5F2F317AA9B0}.Release|Mixed Platforms.ActiveCfg = Release|Windows Mobile 5.0 Smartphone SDK (ARMV4I)
		{800E63EC-AA45-4A73-8F97-5F2F317AA9B0}.Release|Mixed Platforms.Build.0 = Release|Windows Mobile 5.0 Smartphone SDK (ARMV4I)
		{800E63EC-AA45-4A73-8F97-5F2F317AA9B0}.Release|Mixed Platforms.Deploy.0 = Release|Windows Mobile 5.0 Smartphone SDK (ARMV4I)
		{800E63EC-AA45-4A73-8F97-5F2F317AA9B0}.Release|Pocket PC 2003 (ARMV4).ActiveCfg = Release|Pocket PC 2003 (ARMV4)
		{800E63EC-AA45-4A73-8F97-5F2F317AA9B0}.Release|Pocket PC 2003 (ARMV4).Build.0 = Release|Pocket PC 2003 (ARMV4)
		{800E63EC-AA45-4A73-8F97-5F2F317AA9B0}.Release|Pocket PC 2003 (ARMV4).Deploy.0 = Release|Pocket PC 2003 (ARMV4)
		{800E63EC-AA45-4A73-8F97-5F2F317AA9B0}.Release|STANDARDSDK_500 (ARMV4I).ActiveCfg = Release|STANDARDSDK_500 (ARMV4I)
		{800E63EC-AA45-4A73-8F97-5F2F317AA9B0}.Release|STANDARDSDK_500 (ARMV4I).Build.0 = Release|STANDARDSDK_500 (ARMV4I)
		{800E63EC-AA45-4A73-8F97-5F2F317AA9B0}.Release|STANDARDSDK_500 (ARMV4I).Deploy.0 = Release|STANDARDSDK_500 (ARMV4I)
		{800E63EC-AA45-4A73-8F97-5F2F317AA9B0}.Release|STANDARDSDK_500 (MIPSII).ActiveCfg = Release|STANDARDSDK_500 (ARMV4I)
		{800E63EC-AA45-4A73-8F97-5F2F317AA9B0}.Release|STANDARDSDK_500 (MIPSII_FP).ActiveCfg = Release|STANDARDSDK_500 (ARMV4I)
		{800E63EC-AA45-4A73-8F97-5F2F317AA9B0}.Release|STANDARDSDK_500 (MIPSIV).ActiveCfg = Release|STANDARDSDK_500 (ARMV4I)
		{800E63EC-AA45-4A73-8F97-5F2F317AA9B0}.Release|STANDARDSDK_500 (MIPSIV_FP).ActiveCfg = Release|STANDARDSDK_500 (ARMV4I)
		{800E63EC-AA45-4A73-8F97-5F2F317AA9B0}.Release|STANDARDSDK_500 (SH4).ActiveCfg = Release|STANDARDSDK_500 (ARMV4I)
		{800E63EC-AA45-4A73-8F97-5F2F317AA9B0}.Release|STANDARDSDK_500 (x86).ActiveCfg = Release|STANDARDSDK_500 (ARMV4I)
		{800E63EC-AA45-4A73-8F97-5F2F317AA9B0}.Release|Windows Mobile 5.0 Pocket PC SDK (ARMV4I).ActiveCfg = Release|Windows Mobile 5.0 Pocket PC SDK (ARMV4I)
		{800E63EC-AA45-4A73-8F97-5F2F317AA9B0}.Release|Windows Mobile 5.0 Smartphone SDK (ARMV4I).ActiveCfg = Release|Windows Mobile 5.0 Smartphone SDK (ARMV4I)
		{800E63EC-AA45-4A73-8F97-5F2F317AA9B0}.Release|Windows Mobile 5.0 Smartphone SDK (ARMV4I).Build.0 = Release|Windows Mobile 5.0 Smartphone SDK (ARMV4I)
		{800E63EC-AA45-4A73-8F97-5F2F317AA9B0}.Release|Windows Mobile 5.0 Smartphone SDK (ARMV4I).Deploy.0 = Release|Windows Mobile 5.0 Smartphone SDK (ARMV4I)
		{800E63EC-AA45-4A73-8F97-5F2F317AA9B0}.Release|Windows Mobile 6 Professional SDK (ARMV4I).ActiveCfg = Release|Windows Mobile 6 Professional SDK (ARMV4I)
		{800E63EC-AA45-4A73-8F97-5F2F317AA9B0}.Release|Windows Mobile 6 Professional SDK (ARMV4I).Build.0 = Release|Windows Mobile 6 Professional SDK (ARMV4I)
		{800E63EC-AA45-4A73-8F97-5F2F317AA9B0}.Release|Windows Mobile 6 Professional SDK (ARMV4I).Deploy.0 = Release|Windows Mobile 6 Professional SDK (ARMV4I)
		{800E63EC-AA45-4A73-8F97-5F2F317AA9B0}.Release|Windows Mobile 6 Standard SDK (ARMV4I).ActiveCfg = Release|Windows Mobile 6 Standard SDK (ARMV4I)
		{800E63EC-AA45-4A73-8F97-5F2F317AA9B0}.Release|Windows Mobile 6 Standard SDK (ARMV4I).Build.0 = Release|Windows Mobile 6 Standard SDK (ARMV4I)
		{800E63EC-AA45-4A73-8F97-5F2F317AA9B0}.Release|Windows Mobile 6 Standard SDK (ARMV4I).Deploy.0 = Release|Windows Mobile 6 Standard SDK (ARMV4I)
		{800E63EC-AA45-4A73-8F97-5F2F317AA9B0}.Release|Windows Mobile 6.5.3 Professional DTK (ARMV4I).ActiveCfg = Release|Windows Mobile 6.5.3 Professional DTK (ARMV4I)
		{800E63EC-AA45-4A73-8F97-5F2F317AA9B0}.Release|Windows Mobile 6.5.3 Professional DTK (ARMV4I).Build.0 = Release|Windows Mobile 6.5.3 Professional DTK (ARMV4I)
		{800E63EC-AA45-4A73-8F97-5F2F317AA9B0}.Release|Windows Mobile 6.5.3 Professional DTK (ARMV4I).Deploy.0 = Release|Windows Mobile 6.5.3 Professional DTK (ARMV4I)
		{34F48150-2C4B-4960-9D86-06BBBF0D32F5}.Debug Settings|Any CPU.ActiveCfg = Debug|STANDARDSDK_500 (MIPSIV_FP)
		{34F48150-2C4B-4960-9D86-06BBBF0D32F5}.Debug Settings|Mixed Platforms.ActiveCfg = Debug|STANDARDSDK_500 (MIPSIV_FP)
		{34F48150-2C4B-4960-9D86-06BBBF0D32F5}.Debug Settings|Mixed Platforms.Build.0 = Debug|STANDARDSDK_500 (MIPSIV_FP)
		{34F48150-2C4B-4960-9D86-06BBBF0D32F5}.Debug Settings|Mixed Platforms.Deploy.0 = Debug|STANDARDSDK_500 (MIPSIV_FP)
		{34F48150-2C4B-4960-9D86-06BBBF0D32F5}.Debug Settings|Pocket PC 2003 (ARMV4).ActiveCfg = Debug|Pocket PC 2003 (ARMV4)
		{34F48150-2C4B-4960-9D86-06BBBF0D32F5}.Debug Settings|Pocket PC 2003 (ARMV4).Build.0 = Debug|Pocket PC 2003 (ARMV4)
		{34F48150-2C4B-4960-9D86-06BBBF0D32F5}.Debug Settings|Pocket PC 2003 (ARMV4).Deploy.0 = Debug|Pocket PC 2003 (ARMV4)
		{34F48150-2C4B-4960-9D86-06BBBF0D32F5}.Debug Settings|STANDARDSDK_500 (ARMV4I).ActiveCfg = Debug|STANDARDSDK_500 (MIPSIV_FP)
		{34F48150-2C4B-4960-9D86-06BBBF0D32F5}.Debug Settings|STANDARDSDK_500 (MIPSII).ActiveCfg = Debug|STANDARDSDK_500 (MIPSIV_FP)
		{34F48150-2C4B-4960-9D86-06BBBF0D32F5}.Debug Settings|STANDARDSDK_500 (MIPSII_FP).ActiveCfg = Debug|STANDARDSDK_500 (MIPSIV_FP)
		{34F48150-2C4B-4960-9D86-06BBBF0D32F5}.Debug Settings|STANDARDSDK_500 (MIPSIV).ActiveCfg = Debug|STANDARDSDK_500 (MIPSIV_FP)
		{34F48150-2C4B-4960-9D86-06BBBF0D32F5}.Debug Settings|STANDARDSDK_500 (MIPSIV_FP).ActiveCfg = Debug|STANDARDSDK_500 (MIPSIV_FP)
		{34F48150-2C4B-4960-9D86-06BBBF0D32F5}.Debug Settings|STANDARDSDK_500 (MIPSIV_FP).Build.0 = Debug|STANDARDSDK_500 (MIPSIV_FP)
		{34F48150-2C4B-4960-9D86-06BBBF0D32F5}.Debug Settings|STANDARDSDK_500 (MIPSIV_FP).Deploy.0 = Debug|STANDARDSDK_500 (MIPSIV_FP)
		{34F48150-2C4B-4960-9D86-06BBBF0D32F5}.Debug Settings|STANDARDSDK_500 (SH4).ActiveCfg = Debug|STANDARDSDK_500 (MIPSIV_FP)
		{34F48150-2C4B-4960-9D86-06BBBF0D32F5}.Debug Settings|STANDARDSDK_500 (x86).ActiveCfg = Debug|STANDARDSDK_500 (MIPSIV_FP)
		{34F48150-2C4B-4960-9D86-06BBBF0D32F5}.Debug Settings|Windows Mobile 5.0 Pocket PC SDK (ARMV4I).ActiveCfg = Debug|STANDARDSDK_500 (MIPSIV_FP)
		{34F48150-2C4B-4960-9D86-06BBBF0D32F5}.Debug Settings|Windows Mobile 5.0 Smartphone SDK (ARMV4I).ActiveCfg = Debug|STANDARDSDK_500 (MIPSIV_FP)
		{34F48150-2C4B-4960-9D86-06BBBF0D32F5}.Debug Settings|Windows Mobile 6 Professional SDK (ARMV4I).ActiveCfg = Debug|STANDARDSDK_500 (MIPSIV_FP)
		{34F48150-2C4B-4960-9D86-06BBBF0D32F5}.Debug Settings|Windows Mobile 6 Standard SDK (ARMV4I).ActiveCfg = Debug|STANDARDSDK_500 (MIPSIV_FP)
		{34F48150-2C4B-4960-9D86-06BBBF0D32F5}.Debug Settings|Windows Mobile 6.5.3 Professional DTK (ARMV4I).ActiveCfg = Debug|STANDARDSDK_500 (MIPSIV_FP)
		{34F48150-2C4B-4960-9D86-06BBBF0D32F5}.Debug|Any CPU.ActiveCfg = Debug|STANDARDSDK_500 (MIPSIV_FP)
		{34F48150-2C4B-4960-9D86-06BBBF0D32F5}.Debug|Mixed Platforms.ActiveCfg = Debug|STANDARDSDK_500 (MIPSIV_FP)
		{34F48150-2C4B-4960-9D86-06BBBF0D32F5}.Debug|Mixed Platforms.Build.0 = Debug|STANDARDSDK_500 (MIPSIV_FP)
		{34F48150-2C4B-4960-9D86-06BBBF0D32F5}.Debug|Mixed Platforms.Deploy.0 = Debug|STANDARDSDK_500 (MIPSIV_FP)
		{34F48150-2C4B-4960-9D86-06BBBF0D32F5}.Debug|Pocket PC 2003 (ARMV4).ActiveCfg = Debug|Pocket PC 2003 (ARMV4)
		{34F48150-2C4B-4960-9D86-06BBBF0D32F5}.Debug|Pocket PC 2003 (ARMV4).Build.0 = Debug|Pocket PC 2003 (ARMV4)
		{34F48150-2C4B-4960-9D86-06BBBF0D32F5}.Debug|Pocket PC 2003 (ARMV4).Deploy.0 = Debug|Pocket PC 2003 (ARMV4)
		{34F48150-2C4B-4960-9D86-06BBBF0D32F5}.Debug|STANDARDSDK_500 (ARMV4I).ActiveCfg = Debug|STANDARDSDK_500 (ARMV4I)
		{34F48150-2C4B-4960-9D86-06BBBF0D32F5}.Debug|STANDARDSDK_500 (ARMV4I).Build.0 = Debug|STANDARDSDK_500 (ARMV4I)
		{34F48150-2C4B-4960-9D86-06BBBF0D32F5}.Debug|STANDARDSDK_500 (ARMV4I).Deploy.0 = Debug|STANDARDSDK_500 (ARMV4I)
		{34F48150-2C4B-4960-9D86-06BBBF0D32F5}.Debug|STANDARDSDK_500 (MIPSII).ActiveCfg = Debug|STANDARDSDK_500 (MIPSII)
		{34F48150-2C4B-4960-9D86-06BBBF0D32F5}.Debug|STANDARDSDK_500 (MIPSII).Build.0 = Debug|STANDARDSDK_500 (MIPSII)
		{34F48150-2C4B-4960-9D86-06BBBF0D32F5}.Debug|STANDARDSDK_500 (MIPSII).Deploy.0 = Debug|STANDARDSDK_500 (MIPSII)
		{34F48150-2C4B-4960-9D86-06BBBF0D32F5}.Debug|STANDARDSDK_500 (MIPSII_FP).ActiveCfg = Debug|STANDARDSDK_500 (MIPSII_FP)
		{34F48150-2C4B-4960-9D86-06BBBF0D32F5}.Debug|STANDARDSDK_500 (MIPSII_FP).Build.0 = Debug|STANDARDSDK_500 (MIPSII_FP)
		{34F48150-2C4B-4960-9D86-06BBBF0D32F5}.Debug|STANDARDSDK_500 (MIPSII_FP).Deploy.0 = Debug|STANDARDSDK_500 (MIPSII_FP)
		{34F48150-2C4B-4960-9D86-06BBBF0D32F5}.Debug|STANDARDSDK_500 (MIPSIV).ActiveCfg = Debug|STANDARDSDK_500 (MIPSIV)
		{34F48150-2C4B-4960-9D86-06BBBF0D32F5}.Debug|STANDARDSDK_500 (MIPSIV).Build.0 = Debug|STANDARDSDK_500 (MIPSIV)
		{34F48150-2C4B-4960-9D86-06BBBF0D32F5}.Debug|STANDARDSDK_500 (MIPSIV).Deploy.0 = Debug|STANDARDSDK_500 (MIPSIV)
		{34F48150-2C4B-4960-9D86-06BBBF0D32F5}.Debug|STANDARDSDK_500 (MIPSIV_FP).ActiveCfg = Debug|STANDARDSDK_500 (MIPSIV_FP)
		{34F48150-2C4B-4960-9D86-06BBBF0D32F5}.Debug|STANDARDSDK_500 (MIPSIV_FP).Build.0 = Debug|STANDARDSDK_500 (MIPSIV_FP)
		{34F48150-2C4B-4960-9D86-06BBBF0D32F5}.Debug|STANDARDSDK_500 (MIPSIV_FP).Deploy.0 = Debug|STANDARDSDK_500 (MIPSIV_FP)
		{34F48150-2C4B-4960-9D86-06BBBF0D32F5}.Debug|STANDARDSDK_500 (SH4).ActiveCfg = Debug|STANDARDSDK_500 (SH4)
		{34F48150-2C4B-4960-9D86-06BBBF0D32F5}.Debug|STANDARDSDK_500 (SH4).Build.0 = Debug|STANDARDSDK_500 (SH4)
		{34F48150-2C4B-4960-9D86-06BBBF0D32F5}.Debug|STANDARDSDK_500 (SH4).Deploy.0 = Debug|STANDARDSDK_500 (SH4)
		{34F48150-2C4B-4960-9D86-06BBBF0D32F5}.Debug|STANDARDSDK_500 (x86).ActiveCfg = Debug|STANDARDSDK_500 (x86)
		{34F48150-2C4B-4960-9D86-06BBBF0D32F5}.Debug|STANDARDSDK_500 (x86).Build.0 = Debug|STANDARDSDK_500 (x86)
		{34F48150-2C4B-4960-9D86-06BBBF0D32F5}.Debug|STANDARDSDK_500 (x86).Deploy.0 = Debug|STANDARDSDK_500 (x86)
		{34F48150-2C4B-4960-9D86-06BBBF0D32F5}.Debug|Windows Mobile 5.0 Pocket PC SDK (ARMV4I).ActiveCfg = Debug|Windows Mobile 5.0 Pocket PC SDK (ARMV4I)
		{34F48150-2C4B-4960-9D86-06BBBF0D32F5}.Debug|Windows Mobile 5.0 Pocket PC SDK (ARMV4I).Build.0 = Debug|Windows Mobile 5.0 Pocket PC SDK (ARMV4I)
		{34F48150-2C4B-4960-9D86-06BBBF0D32F5}.Debug|Windows Mobile 5.0 Pocket PC SDK (ARMV4I).Deploy.0 = Debug|Windows Mobile 5.0 Pocket PC SDK (ARMV4I)
		{34F48150-2C4B-4960-9D86-06BBBF0D32F5}.Debug|Windows Mobile 5.0 Smartphone SDK (ARMV4I).ActiveCfg = Debug|STANDARDSDK_500 (MIPSIV_FP)
		{34F48150-2C4B-4960-9D86-06BBBF0D32F5}.Debug|Windows Mobile 6 Professional SDK (ARMV4I).ActiveCfg = Debug|Windows Mobile 6 Professional SDK (ARMV4I)
		{34F48150-2C4B-4960-9D86-06BBBF0D32F5}.Debug|Windows Mobile 6 Standard SDK (ARMV4I).ActiveCfg = Debug|STANDARDSDK_500 (MIPSIV_FP)
		{34F48150-2C4B-4960-9D86-06BBBF0D32F5}.Debug|Windows Mobile 6.5.3 Professional DTK (ARMV4I).ActiveCfg = Debug|STANDARDSDK_500 (MIPSIV_FP)
		{34F48150-2C4B-4960-9D86-06BBBF0D32F5}.Release|Any CPU.ActiveCfg = Release|STANDARDSDK_500 (MIPSIV_FP)
		{34F48150-2C4B-4960-9D86-06BBBF0D32F5}.Release|Mixed Platforms.ActiveCfg = Release|STANDARDSDK_500 (MIPSIV_FP)
		{34F48150-2C4B-4960-9D86-06BBBF0D32F5}.Release|Mixed Platforms.Build.0 = Release|STANDARDSDK_500 (MIPSIV_FP)
		{34F48150-2C4B-4960-9D86-06BBBF0D32F5}.Release|Mixed Platforms.Deploy.0 = Release|STANDARDSDK_500 (MIPSIV_FP)
		{34F48150-2C4B-4960-9D86-06BBBF0D32F5}.Release|Pocket PC 2003 (ARMV4).ActiveCfg = Release|Pocket PC 2003 (ARMV4)
		{34F48150-2C4B-4960-9D86-06BBBF0D32F5}.Release|Pocket PC 2003 (ARMV4).Build.0 = Release|Pocket PC 2003 (ARMV4)
		{34F48150-2C4B-4960-9D86-06BBBF0D32F5}.Release|Pocket PC 2003 (ARMV4).Deploy.0 = Release|Pocket PC 2003 (ARMV4)
		{34F48150-2C4B-4960-9D86-06BBBF0D32F5}.Release|STANDARDSDK_500 (ARMV4I).ActiveCfg = Release|STANDARDSDK_500 (ARMV4I)
		{34F48150-2C4B-4960-9D86-06BBBF0D32F5}.Release|STANDARDSDK_500 (ARMV4I).Build.0 = Release|STANDARDSDK_500 (ARMV4I)
		{34F48150-2C4B-4960-9D86-06BBBF0D32F5}.Release|STANDARDSDK_500 (ARMV4I).Deploy.0 = Release|STANDARDSDK_500 (ARMV4I)
		{34F48150-2C4B-4960-9D86-06BBBF0D32F5}.Release|STANDARDSDK_500 (MIPSII).ActiveCfg = Release|STANDARDSDK_500 (MIPSII)
		{34F48150-2C4B-4960-9D86-06BBBF0D32F5}.Release|STANDARDSDK_500 (MIPSII).Build.0 = Release|STANDARDSDK_500 (MIPSII)
		{34F48150-2C4B-4960-9D86-06BBBF0D32F5}.Release|STANDARDSDK_500 (MIPSII).Deploy.0 = Release|STANDARDSDK_500 (MIPSII)
		{34F48150-2C4B-4960-9D86-06BBBF0D32F5}.Release|STANDARDSDK_500 (MIPSII_FP).ActiveCfg = Release|STANDARDSDK_500 (MIPSII_FP)
		{34F48150-2C4B-4960-9D86-06BBBF0D32F5}.Release|STANDARDSDK_500 (MIPSII_FP).Build.0 = Release|STANDARDSDK_500 (MIPSII_FP)
		{34F48150-2C4B-4960-9D86-06BBBF0D32F5}.Release|STANDARDSDK_500 (MIPSII_FP).Deploy.0 = Release|STANDARDSDK_500 (MIPSII_FP)
		{34F48150-2C4B-4960-9D86-06BBBF0D32F5}.Release|STANDARDSDK_500 (MIPSIV).ActiveCfg = Release|STANDARDSDK_500 (MIPSIV)
		{34F48150-2C4B-4960-9D86-06BBBF0D32F5}.Release|STANDARDSDK_500 (MIPSIV).Build.0 = Release|STANDARDSDK_500 (MIPSIV)
		{34F48150-2C4B-4960-9D86-06BBBF0D32F5}.Release|STANDARDSDK_500 (MIPSIV).Deploy.0 = Release|STANDARDSDK_500 (MIPSIV)
		{34F48150-2C4B-4960-9D86-06BBBF0D32F5}.Release|STANDARDSDK_500 (MIPSIV_FP).ActiveCfg = Release|STANDARDSDK_500 (MIPSIV_FP)
		{34F48150-2C4B-4960-9D86-06BBBF0D32F5}.Release|STANDARDSDK_500 (MIPSIV_FP).Build.0 = Release|STANDARDSDK_500 (MIPSIV_FP)
		{34F48150-2C4B-4960-9D86-06BBBF0D32F5}.Release|STANDARDSDK_500 (MIPSIV_FP).Deploy.0 = Release|STANDARDSDK_500 (MIPSIV_FP)
		{34F48150-2C4B-4960-9D86-06BBBF0D32F5}.Release|STANDARDSDK_500 (SH4).ActiveCfg = Release|STANDARDSDK_500 (SH4)
		{34F48150-2C4B-4960-9D86-06BBBF0D32F5}.Release|STANDARDSDK_500 (SH4).Build.0 = Release|STANDARDSDK_500 (SH4)
		{34F48150-2C4B-4960-9D86-06BBBF0D32F5}.Release|STANDARDSDK_500 (SH4).Deploy.0 = Release|STANDARDSDK_500 (SH4)
		{34F48150-2C4B-4960-9D86-06BBBF0D32F5}.Release|STANDARDSDK_500 (x86).ActiveCfg = Release|STANDARDSDK_500 (x86)
		{34F48150-2C4B-4960-9D86-06BBBF0D32F5}.Release|STANDARDSDK_500 (x86).Build.0 = Release|STANDARDSDK_500 (x86)
		{34F48150-2C4B-4960-9D86-06BBBF0D32F5}.Release|STANDARDSDK_500 (x86).Deploy.0 = Release|STANDARDSDK_500 (x86)
		{34F48150-2C4B-4960-9D86-06BBBF0D32F5}.Release|Windows Mobile 5.0 Pocket PC SDK (ARMV4I).ActiveCfg = Release|Windows Mobile 5.0 Pocket PC SDK (ARMV4I)
		{34F48150-2C4B-4960-9D86-06BBBF0D32F5}.Release|Windows Mobile 5.0 Smartphone SDK (ARMV4I).ActiveCfg = Release|STANDARDSDK_500 (MIPSIV_FP)
		{34F48150-2C4B-4960-9D86-06BBBF0D32F5}.Release|Windows Mobile 6 Professional SDK (ARMV4I).ActiveCfg = Release|STANDARDSDK_500 (ARMV4I)
		{34F48150-2C4B-4960-9D86-06BBBF0D32F5}.Release|Windows Mobile 6 Professional SDK (ARMV4I).Build.0 = Release|STANDARDSDK_500 (ARMV4I)
		{34F48150-2C4B-4960-9D86-06BBBF0D32F5}.Release|Windows Mobile 6 Standard SDK (ARMV4I).ActiveCfg = Release|STANDARDSDK_500 (MIPSIV_FP)
		{34F48150-2C4B-4960-9D86-06BBBF0D32F5}.Release|Windows Mobile 6.5.3 Professional DTK (ARMV4I).ActiveCfg = Release|STANDARDSDK_500 (MIPSIV_FP)
		{3A152083-BDFC-402B-A8AC-DBEF9819D05A}.Debug Settings|Any CPU.ActiveCfg = Debug Settings|Windows Mobile 5.0 Smartphone SDK (ARMV4I)
		{3A152083-BDFC-402B-A8AC-DBEF9819D05A}.Debug Settings|Mixed Platforms.ActiveCfg = Debug Settings|Windows Mobile 5.0 Smartphone SDK (ARMV4I)
		{3A152083-BDFC-402B-A8AC-DBEF9819D05A}.Debug Settings|Mixed Platforms.Build.0 = Debug Settings|Windows Mobile 5.0 Smartphone SDK (ARMV4I)
		{3A152083-BDFC-402B-A8AC-DBEF9819D05A}.Debug Settings|Mixed Platforms.Deploy.0 = Debug Settings|Windows Mobile 5.0 Smartphone SDK (ARMV4I)
		{3A152083-BDFC-402B-A8AC-DBEF9819D05A}.Debug Settings|Pocket PC 2003 (ARMV4).ActiveCfg = Debug Settings|Windows Mobile 5.0 Smartphone SDK (ARMV4I)
		{3A152083-BDFC-402B-A8AC-DBEF9819D05A}.Debug Settings|STANDARDSDK_500 (ARMV4I).ActiveCfg = Debug Settings|STANDARDSDK_500 (ARMV4I)
		{3A152083-BDFC-402B-A8AC-DBEF9819D05A}.Debug Settings|STANDARDSDK_500 (ARMV4I).Build.0 = Debug Settings|STANDARDSDK_500 (ARMV4I)
		{3A152083-BDFC-402B-A8AC-DBEF9819D05A}.Debug Settings|STANDARDSDK_500 (ARMV4I).Deploy.0 = Debug Settings|STANDARDSDK_500 (ARMV4I)
		{3A152083-BDFC-402B-A8AC-DBEF9819D05A}.Debug Settings|STANDARDSDK_500 (MIPSII).ActiveCfg = Debug Settings|STANDARDSDK_500 (ARMV4I)
		{3A152083-BDFC-402B-A8AC-DBEF9819D05A}.Debug Settings|STANDARDSDK_500 (MIPSII_FP).ActiveCfg = Debug Settings|STANDARDSDK_500 (ARMV4I)
		{3A152083-BDFC-402B-A8AC-DBEF9819D05A}.Debug Settings|STANDARDSDK_500 (MIPSIV).ActiveCfg = Debug Settings|STANDARDSDK_500 (ARMV4I)
		{3A152083-BDFC-402B-A8AC-DBEF9819D05A}.Debug Settings|STANDARDSDK_500 (MIPSIV_FP).ActiveCfg = Debug Settings|STANDARDSDK_500 (ARMV4I)
		{3A152083-BDFC-402B-A8AC-DBEF9819D05A}.Debug Settings|STANDARDSDK_500 (SH4).ActiveCfg = Debug Settings|STANDARDSDK_500 (ARMV4I)
		{3A152083-BDFC-402B-A8AC-DBEF9819D05A}.Debug Settings|STANDARDSDK_500 (x86).ActiveCfg = Debug Settings|STANDARDSDK_500 (ARMV4I)
		{3A152083-BDFC-402B-A8AC-DBEF9819D05A}.Debug Settings|Windows Mobile 5.0 Pocket PC SDK (ARMV4I).ActiveCfg = Debug Settings|Windows Mobile 5.0 Pocket PC SDK (ARMV4I)
		{3A152083-BDFC-402B-A8AC-DBEF9819D05A}.Debug Settings|Windows Mobile 5.0 Pocket PC SDK (ARMV4I).Build.0 = Debug Settings|Windows Mobile 5.0 Pocket PC SDK (ARMV4I)
		{3A152083-BDFC-402B-A8AC-DBEF9819D05A}.Debug Settings|Windows Mobile 5.0 Pocket PC SDK (ARMV4I).Deploy.0 = Debug Settings|Windows Mobile 5.0 Pocket PC SDK (ARMV4I)
		{3A152083-BDFC-402B-A8AC-DBEF9819D05A}.Debug Settings|Windows Mobile 5.0 Smartphone SDK (ARMV4I).ActiveCfg = Debug Settings|Windows Mobile 5.0 Smartphone SDK (ARMV4I)
		{3A152083-BDFC-402B-A8AC-DBEF9819D05A}.Debug Settings|Windows Mobile 5.0 Smartphone SDK (ARMV4I).Build.0 = Debug Settings|Windows Mobile 5.0 Smartphone SDK (ARMV4I)
		{3A152083-BDFC-402B-A8AC-DBEF9819D05A}.Debug Settings|Windows Mobile 5.0 Smartphone SDK (ARMV4I).Deploy.0 = Debug Settings|Windows Mobile 5.0 Smartphone SDK (ARMV4I)
		{3A152083-BDFC-402B-A8AC-DBEF9819D05A}.Debug Settings|Windows Mobile 6 Professional SDK (ARMV4I).ActiveCfg = Debug Settings|Windows Mobile 6 Professional SDK (ARMV4I)
		{3A152083-BDFC-402B-A8AC-DBEF9819D05A}.Debug Settings|Windows Mobile 6 Professional SDK (ARMV4I).Build.0 = Debug Settings|Windows Mobile 6 Professional SDK (ARMV4I)
		{3A152083-BDFC-402B-A8AC-DBEF9819D05A}.Debug Settings|Windows Mobile 6 Professional SDK (ARMV4I).Deploy.0 = Debug Settings|Windows Mobile 6 Professional SDK (ARMV4I)
		{3A152083-BDFC-402B-A8AC-DBEF9819D05A}.Debug Settings|Windows Mobile 6 Standard SDK (ARMV4I).ActiveCfg = Debug Settings|Windows Mobile 6 Standard SDK (ARMV4I)
		{3A152083-BDFC-402B-A8AC-DBEF9819D05A}.Debug Settings|Windows Mobile 6 Standard SDK (ARMV4I).Build.0 = Debug Settings|Windows Mobile 6 Standard SDK (ARMV4I)
		{3A152083-BDFC-402B-A8AC-DBEF9819D05A}.Debug Settings|Windows Mobile 6 Standard SDK (ARMV4I).Deploy.0 = Debug Settings|Windows Mobile 6 Standard SDK (ARMV4I)
		{3A152083-BDFC-402B-A8AC-DBEF9819D05A}.Debug Settings|Windows Mobile 6.5.3 Professional DTK (ARMV4I).ActiveCfg = Debug Settings|Windows Mobile 6.5.3 Professional DTK (ARMV4I)
		{3A152083-BDFC-402B-A8AC-DBEF9819D05A}.Debug Settings|Windows Mobile 6.5.3 Professional DTK (ARMV4I).Build.0 = Debug Settings|Windows Mobile 6.5.3 Professional DTK (ARMV4I)
		{3A152083-BDFC-402B-A8AC-DBEF9819D05A}.Debug Settings|Windows Mobile 6.5.3 Professional DTK (ARMV4I).Deploy.0 = Debug Settings|Windows Mobile 6.5.3 Professional DTK (ARMV4I)
		{3A152083-BDFC-402B-A8AC-DBEF9819D05A}.Debug|Any CPU.ActiveCfg = Debug|Windows Mobile 5.0 Smartphone SDK (ARMV4I)
		{3A152083-BDFC-402B-A8AC-DBEF9819D05A}.Debug|Mixed Platforms.ActiveCfg = Debug|Windows Mobile 5.0 Smartphone SDK (ARMV4I)
		{3A152083-BDFC-402B-A8AC-DBEF9819D05A}.Debug|Mixed Platforms.Build.0 = Debug|Windows Mobile 5.0 Smartphone SDK (ARMV4I)
		{3A152083-BDFC-402B-A8AC-DBEF9819D05A}.Debug|Mixed Platforms.Deploy.0 = Debug|Windows Mobile 5.0 Smartphone SDK (ARMV4I)
		{3A152083-BDFC-402B-A8AC-DBEF9819D05A}.Debug|Pocket PC 2003 (ARMV4).ActiveCfg = Debug|Windows Mobile 5.0 Smartphone SDK (ARMV4I)
		{3A152083-BDFC-402B-A8AC-DBEF9819D05A}.Debug|Pocket PC 2003 (ARMV4).Build.0 = Debug|Windows Mobile 5.0 Smartphone SDK (ARMV4I)
		{3A152083-BDFC-402B-A8AC-DBEF9819D05A}.Debug|STANDARDSDK_500 (ARMV4I).ActiveCfg = Debug|STANDARDSDK_500 (ARMV4I)
		{3A152083-BDFC-402B-A8AC-DBEF9819D05A}.Debug|STANDARDSDK_500 (ARMV4I).Build.0 = Debug|STANDARDSDK_500 (ARMV4I)
		{3A152083-BDFC-402B-A8AC-DBEF9819D05A}.Debug|STANDARDSDK_500 (ARMV4I).Deploy.0 = Debug|STANDARDSDK_500 (ARMV4I)
		{3A152083-BDFC-402B-A8AC-DBEF9819D05A}.Debug|STANDARDSDK_500 (MIPSII).ActiveCfg = Debug|STANDARDSDK_500 (ARMV4I)
		{3A152083-BDFC-402B-A8AC-DBEF9819D05A}.Debug|STANDARDSDK_500 (MIPSII_FP).ActiveCfg = Debug|STANDARDSDK_500 (ARMV4I)
		{3A152083-BDFC-402B-A8AC-DBEF9819D05A}.Debug|STANDARDSDK_500 (MIPSIV).ActiveCfg = Debug|STANDARDSDK_500 (ARMV4I)
		{3A152083-BDFC-402B-A8AC-DBEF9819D05A}.Debug|STANDARDSDK_500 (MIPSIV_FP).ActiveCfg = Debug|STANDARDSDK_500 (ARMV4I)
		{3A152083-BDFC-402B-A8AC-DBEF9819D05A}.Debug|STANDARDSDK_500 (SH4).ActiveCfg = Debug|STANDARDSDK_500 (ARMV4I)
		{3A152083-BDFC-402B-A8AC-DBEF9819D05A}.Debug|STANDARDSDK_500 (x86).ActiveCfg = Debug|STANDARDSDK_500 (ARMV4I)
		{3A152083-BDFC-402B-A8AC-DBEF9819D05A}.Debug|Windows Mobile 5.0 Pocket PC SDK (ARMV4I).ActiveCfg = Debug|Windows Mobile 5.0 Pocket PC SDK (ARMV4I)
		{3A152083-BDFC-402B-A8AC-DBEF9819D05A}.Debug|Windows Mobile 5.0 Pocket PC SDK (ARMV4I).Build.0 = Debug|Windows Mobile 5.0 Pocket PC SDK (ARMV4I)
		{3A152083-BDFC-402B-A8AC-DBEF9819D05A}.Debug|Windows Mobile 5.0 Pocket PC SDK (ARMV4I).Deploy.0 = Debug|Windows Mobile 5.0 Pocket PC SDK (ARMV4I)
		{3A152083-BDFC-402B-A8AC-DBEF9819D05A}.Debug|Windows Mobile 5.0 Smartphone SDK (ARMV4I).ActiveCfg = Debug|Windows Mobile 5.0 Smartphone SDK (ARMV4I)
		{3A152083-BDFC-402B-A8AC-DBEF9819D05A}.Debug|Windows Mobile 5.0 Smartphone SDK (ARMV4I).Build.0 = Debug|Windows Mobile 5.0 Smartphone SDK (ARMV4I)
		{3A152083-BDFC-402B-A8AC-DBEF9819D05A}.Debug|Windows Mobile 5.0 Smartphone SDK (ARMV4I).Deploy.0 = Debug|Windows Mobile 5.0 Smartphone SDK (ARMV4I)
		{3A152083-BDFC-402B-A8AC-DBEF9819D05A}.Debug|Windows Mobile 6 Professional SDK (ARMV4I).ActiveCfg = Debug|Windows Mobile 6 Professional SDK (ARMV4I)
		{3A152083-BDFC-402B-A8AC-DBEF9819D05A}.Debug|Windows Mobile 6 Standard SDK (ARMV4I).ActiveCfg = Debug|Windows Mobile 6 Standard SDK (ARMV4I)
		{3A152083-BDFC-402B-A8AC-DBEF9819D05A}.Debug|Windows Mobile 6 Standard SDK (ARMV4I).Build.0 = Debug|Windows Mobile 6 Standard SDK (ARMV4I)
		{3A152083-BDFC-402B-A8AC-DBEF9819D05A}.Debug|Windows Mobile 6 Standard SDK (ARMV4I).Deploy.0 = Debug|Windows Mobile 6 Standard SDK (ARMV4I)
		{3A152083-BDFC-402B-A8AC-DBEF9819D05A}.Debug|Windows Mobile 6.5.3 Professional DTK (ARMV4I).ActiveCfg = Debug|Windows Mobile 6.5.3 Professional DTK (ARMV4I)
		{3A152083-BDFC-402B-A8AC-DBEF9819D05A}.Debug|Windows Mobile 6.5.3 Professional DTK (ARMV4I).Build.0 = Debug|Windows Mobile 6.5.3 Professional DTK (ARMV4I)
		{3A152083-BDFC-402B-A8AC-DBEF9819D05A}.Debug|Windows Mobile 6.5.3 Professional DTK (ARMV4I).Deploy.0 = Debug|Windows Mobile 6.5.3 Professional DTK (ARMV4I)
		{3A152083-BDFC-402B-A8AC-DBEF9819D05A}.Release|Any CPU.ActiveCfg = Release|Windows Mobile 5.0 Smartphone SDK (ARMV4I)
		{3A152083-BDFC-402B-A8AC-DBEF9819D05A}.Release|Mixed Platforms.ActiveCfg = Release|Windows Mobile 5.0 Smartphone SDK (ARMV4I)
		{3A152083-BDFC-402B-A8AC-DBEF9819D05A}.Release|Mixed Platforms.Build.0 = Release|Windows Mobile 5.0 Smartphone SDK (ARMV4I)
		{3A152083-BDFC-402B-A8AC-DBEF9819D05A}.Release|Mixed Platforms.Deploy.0 = Release|Windows Mobile 5.0 Smartphone SDK (ARMV4I)
		{3A152083-BDFC-402B-A8AC-DBEF9819D05A}.Release|Pocket PC 2003 (ARMV4).ActiveCfg = Release|Windows Mobile 5.0 Smartphone SDK (ARMV4I)
		{3A152083-BDFC-402B-A8AC-DBEF9819D05A}.Release|STANDARDSDK_500 (ARMV4I).ActiveCfg = Release|STANDARDSDK_500 (ARMV4I)
		{3A152083-BDFC-402B-A8AC-DBEF9819D05A}.Release|STANDARDSDK_500 (ARMV4I).Build.0 = Release|STANDARDSDK_500 (ARMV4I)
		{3A152083-BDFC-402B-A8AC-DBEF9819D05A}.Release|STANDARDSDK_500 (ARMV4I).Deploy.0 = Release|STANDARDSDK_500 (ARMV4I)
		{3A152083-BDFC-402B-A8AC-DBEF9819D05A}.Release|STANDARDSDK_500 (MIPSII).ActiveCfg = Release|STANDARDSDK_500 (ARMV4I)
		{3A152083-BDFC-402B-A8AC-DBEF9819D05A}.Release|STANDARDSDK_500 (MIPSII_FP).ActiveCfg = Release|STANDARDSDK_500 (ARMV4I)
		{3A152083-BDFC-402B-A8AC-DBEF9819D05A}.Release|STANDARDSDK_500 (MIPSIV).ActiveCfg = Release|STANDARDSDK_500 (ARMV4I)
		{3A152083-BDFC-402B-A8AC-DBEF9819D05A}.Release|STANDARDSDK_500 (MIPSIV_FP).ActiveCfg = Release|STANDARDSDK_500 (ARMV4I)
		{3A152083-BDFC-402B-A8AC-DBEF9819D05A}.Release|STANDARDSDK_500 (SH4).ActiveCfg = Release|STANDARDSDK_500 (ARMV4I)
		{3A152083-BDFC-402B-A8AC-DBEF9819D05A}.Release|STANDARDSDK_500 (x86).ActiveCfg = Release|STANDARDSDK_500 (ARMV4I)
		{3A152083-BDFC-402B-A8AC-DBEF9819D05A}.Release|Windows Mobile 5.0 Pocket PC SDK (ARMV4I).ActiveCfg = Release|Windows Mobile 5.0 Pocket PC SDK (ARMV4I)
		{3A152083-BDFC-402B-A8AC-DBEF9819D05A}.Release|Windows Mobile 5.0 Pocket PC SDK (ARMV4I).Build.0 = Release|Windows Mobile 5.0 Pocket PC SDK (ARMV4I)
		{3A152083-BDFC-402B-A8AC-DBEF9819D05A}.Release|Windows Mobile 5.0 Pocket PC SDK (ARMV4I).Deploy.0 = Release|Windows Mobile 5.0 Pocket PC SDK (ARMV4I)
		{3A152083-BDFC-402B-A8AC-DBEF9819D05A}.Release|Windows Mobile 5.0 Smartphone SDK (ARMV4I).ActiveCfg = Release|Windows Mobile 5.0 Smartphone SDK (ARMV4I)
		{3A152083-BDFC-402B-A8AC-DBEF9819D05A}.Release|Windows Mobile 5.0 Smartphone SDK (ARMV4I).Build.0 = Release|Windows Mobile 5.0 Smartphone SDK (ARMV4I)
		{3A152083-BDFC-402B-A8AC-DBEF9819D05A}.Release|Windows Mobile 5.0 Smartphone SDK (ARMV4I).Deploy.0 = Release|Windows Mobile 5.0 Smartphone SDK (ARMV4I)
		{3A152083-BDFC-402B-A8AC-DBEF9819D05A}.Release|Windows Mobile 6 Professional SDK (ARMV4I).ActiveCfg = Release|Windows Mobile 6 Professional SDK (ARMV4I)
		{3A152083-BDFC-402B-A8AC-DBEF9819D05A}.Release|Windows Mobile 6 Professional SDK (ARMV4I).Build.0 = Release|Windows Mobile 6 Professional SDK (ARMV4I)
		{3A152083-BDFC-402B-A8AC-DBEF9819D05A}.Release|Windows Mobile 6 Professional SDK (ARMV4I).Deploy.0 = Release|Windows Mobile 6 Professional SDK (ARMV4I)
		{3A152083-BDFC-402B-A8AC-DBEF9819D05A}.Release|Windows Mobile 6 Standard SDK (ARMV4I).ActiveCfg = Release|Windows Mobile 6 Standard SDK (ARMV4I)
		{3A152083-BDFC-402B-A8AC-DBEF9819D05A}.Release|Windows Mobile 6 Standard SDK (ARMV4I).Build.0 = Release|Windows Mobile 6 Standard SDK (ARMV4I)
		{3A152083-BDFC-402B-A8AC-DBEF9819D05A}.Release|Windows Mobile 6 Standard SDK (ARMV4I).Deploy.0 = Release|Windows Mobile 6 Standard SDK (ARMV4I)
		{3A152083-BDFC-402B-A8AC-DBEF9819D05A}.Release|Windows Mobile 6.5.3 Professional DTK (ARMV4I).ActiveCfg = Release|Windows Mobile 6.5.3 Professional DTK (ARMV4I)
		{3A152083-BDFC-402B-A8AC-DBEF9819D05A}.Release|Windows Mobile 6.5.3 Professional DTK (ARMV4I).Build.0 = Release|Windows Mobile 6.5.3 Professional DTK (ARMV4I)
		{3A152083-BDFC-402B-A8AC-DBEF9819D05A}.Release|Windows Mobile 6.5.3 Professional DTK (ARMV4I).Deploy.0 = Release|Windows Mobile 6.5.3 Professional DTK (ARMV4I)
	EndGlobalSection
	GlobalSection(SolutionProperties) = preSolution
		HideSolutionNode = FALSE
	EndGlobalSection
EndGlobal
