
Microsoft Visual Studio Solution File, Format Version 10.00
# Visual Studio 2008
Project("{8BC9CEB8-8B4A-11D0-8D11-00A0C91BC942}") = "RDP_keepBusy", "RDP_keepBusy.vcproj", "{3A152083-BDFC-402B-A8AC-DBEF9819D05A}"
EndProject
Global
	GlobalSection(SolutionConfigurationPlatforms) = preSolution
		Debug Settings|STANDARDSDK_500 (ARMV4I) = Debug Settings|STANDARDSDK_500 (ARMV4I)
		Debug Settings|Windows Mobile 5.0 Pocket PC SDK (ARMV4I) = Debug Settings|Windows Mobile 5.0 Pocket PC SDK (ARMV4I)
		Debug Settings|Windows Mobile 5.0 Smartphone SDK (ARMV4I) = Debug Settings|Windows Mobile 5.0 Smartphone SDK (ARMV4I)
		Debug Settings|Windows Mobile 6 Professional SDK (ARMV4I) = Debug Settings|Windows Mobile 6 Professional SDK (ARMV4I)
		Debug Settings|Windows Mobile 6 Standard SDK (ARMV4I) = Debug Settings|Windows Mobile 6 Standard SDK (ARMV4I)
		Debug Settings|Windows Mobile 6.5.3 Professional DTK (ARMV4I) = Debug Settings|Windows Mobile 6.5.3 Professional DTK (ARMV4I)
		Debug|STANDARDSDK_500 (ARMV4I) = Debug|STANDARDSDK_500 (ARMV4I)
		Debug|Windows Mobile 5.0 Pocket PC SDK (ARMV4I) = Debug|Windows Mobile 5.0 Pocket PC SDK (ARMV4I)
		Debug|Windows Mobile 5.0 Smartphone SDK (ARMV4I) = Debug|Windows Mobile 5.0 Smartphone SDK (ARMV4I)
		Debug|Windows Mobile 6 Professional SDK (ARMV4I) = Debug|Windows Mobile 6 Professional SDK (ARMV4I)
		Debug|Windows Mobile 6 Standard SDK (ARMV4I) = Debug|Windows Mobile 6 Standard SDK (ARMV4I)
		Debug|Windows Mobile 6.5.3 Professional DTK (ARMV4I) = Debug|Windows Mobile 6.5.3 Professional DTK (ARMV4I)
		Release|STANDARDSDK_500 (ARMV4I) = Release|STANDARDSDK_500 (ARMV4I)
		Release|Windows Mobile 5.0 Pocket PC SDK (ARMV4I) = Release|Windows Mobile 5.0 Pocket PC SDK (ARMV4I)
		Release|Windows Mobile 5.0 Smartphone SDK (ARMV4I) = Release|Windows Mobile 5.0 Smartphone SDK (ARMV4I)
		Release|Windows Mobile 6 Professional SDK (ARMV4I) = Release|Windows Mobile 6 Professional SDK (ARMV4I)
		Release|Windows Mobile 6 Standard SDK (ARMV4I) = Release|Windows Mobile 6 Standard SDK (ARMV4I)
		Release|Windows Mobile 6.5.3 Professional DTK (ARMV4I) = Release|Windows Mobile 6.5.3 Professional DTK (ARMV4I)
	EndGlobalSection
	GlobalSection(ProjectConfigurationPlatforms) = postSolution
		{3A152083-BDFC-402B-A8AC-DBEF9819D05A}.Debug Settings|STANDARDSDK_500 (ARMV4I).ActiveCfg = Debug Settings|STANDARDSDK_500 (ARMV4I)
		{3A152083-BDFC-402B-A8AC-DBEF9819D05A}.Debug Settings|STANDARDSDK_500 (ARMV4I).Build.0 = Debug Settings|STANDARDSDK_500 (ARMV4I)
		{3A152083-BDFC-402B-A8AC-DBEF9819D05A}.Debug Settings|STANDARDSDK_500 (ARMV4I).Deploy.0 = Debug Settings|STANDARDSDK_500 (ARMV4I)
		{3A152083-BDFC-402B-A8AC-DBEF9819D05A}.Debug Settings|Windows Mobile 5.0 Pocket PC SDK (ARMV4I).ActiveCfg = Debug Settings|Windows Mobile 5.0 Pocket PC SDK (ARMV4I)
		{3A152083-BDFC-402B-A8AC-DBEF9819D05A}.Debug Settings|Windows Mobile 5.0 Pocket PC SDK (ARMV4I).Build.0 = Debug Settings|Windows Mobile 5.0 Pocket PC SDK (ARMV4I)
		{3A152083-BDFC-402B-A8AC-DBEF9819D05A}.Debug Settings|Windows Mobile 5.0 Pocket PC SDK (ARMV4I).Deploy.0 = Debug Settings|Windows Mobile 5.0 Pocket PC SDK (ARMV4I)
		{3A152083-BDFC-402B-A8AC-DBEF9819D05A}.Debug Settings|Windows Mobile 5.0 Smartphone SDK (ARMV4I).ActiveCfg = Debug Settings|Windows Mobile 5.0 Smartphone SDK (ARMV4I)
		{3A152083-BDFC-402B-A8AC-DBEF9819D05A}.Debug Settings|Windows Mobile 5.0 Smartphone SDK (ARMV4I).Build.0 = Debug Settings|Windows Mobile 5.0 Smartphone SDK (ARMV4I)
		{3A152083-BDFC-402B-A8AC-DBEF9819D05A}.Debug Settings|Windows Mobile 5.0 Smartphone SDK (ARMV4I).Deploy.0 = Debug Settings|Windows Mobile 5.0 Smartphone SDK (ARMV4I)
		{3A152083-BDFC-402B-A8AC-DBEF9819D05A}.Debug Settings|Windows Mobile 6 Professional SDK (ARMV4I).ActiveCfg = Debug Settings|Windows Mobile 6 Professional SDK (ARMV4I)
		{3A152083-BDFC-402B-A8AC-DBEF9819D05A}.Debug Settings|Windows Mobile 6 Professional SDK (ARMV4I).Build.0 = Debug Settings|Windows Mobile 6 Professional SDK (ARMV4I)
		{3A152083-BDFC-402B-A8AC-DBEF9819D05A}.Debug Settings|Windows Mobile 6 Professional SDK (ARMV4I).Deploy.0 = Debug Settings|Windows Mobile 6 Professional SDK (ARMV4I)
		{3A152083-BDFC-402B-A8AC-DBEF9819D05A}.Debug Settings|Windows Mobile 6 Standard SDK (ARMV4I).ActiveCfg = Debug Settings|Windows Mobile 6 Standard SDK (ARMV4I)
		{3A152083-BDFC-402B-A8AC-DBEF9819D05A}.Debug Settings|Windows Mobile 6 Standard SDK (ARMV4I).Build.0 = Debug Settings|Windows Mobile 6 Standard SDK (ARMV4I)
		{3A152083-BDFC-402B-A8AC-DBEF9819D05A}.Debug Settings|Windows Mobile 6 Standard SDK (ARMV4I).Deploy.0 = Debug Settings|Windows Mobile 6 Standard SDK (ARMV4I)
		{3A152083-BDFC-402B-A8AC-DBEF9819D05A}.Debug Settings|Windows Mobile 6.5.3 Professional DTK (ARMV4I).ActiveCfg = Debug Settings|Windows Mobile 6.5.3 Professional DTK (ARMV4I)
		{3A152083-BDFC-402B-A8AC-DBEF9819D05A}.Debug Settings|Windows Mobile 6.5.3 Professional DTK (ARMV4I).Build.0 = Debug Settings|Windows Mobile 6.5.3 Professional DTK (ARMV4I)
		{3A152083-BDFC-402B-A8AC-DBEF9819D05A}.Debug Settings|Windows Mobile 6.5.3 Professional DTK (ARMV4I).Deploy.0 = Debug Settings|Windows Mobile 6.5.3 Professional DTK (ARMV4I)
		{3A152083-BDFC-402B-A8AC-DBEF9819D05A}.Debug|STANDARDSDK_500 (ARMV4I).ActiveCfg = Debug|STANDARDSDK_500 (ARMV4I)
		{3A152083-BDFC-402B-A8AC-DBEF9819D05A}.Debug|STANDARDSDK_500 (ARMV4I).Build.0 = Debug|STANDARDSDK_500 (ARMV4I)
		{3A152083-BDFC-402B-A8AC-DBEF9819D05A}.Debug|STANDARDSDK_500 (ARMV4I).Deploy.0 = Debug|STANDARDSDK_500 (ARMV4I)
		{3A152083-BDFC-402B-A8AC-DBEF9819D05A}.Debug|Windows Mobile 5.0 Pocket PC SDK (ARMV4I).ActiveCfg = Debug|Windows Mobile 5.0 Pocket PC SDK (ARMV4I)
		{3A152083-BDFC-402B-A8AC-DBEF9819D05A}.Debug|Windows Mobile 5.0 Pocket PC SDK (ARMV4I).Build.0 = Debug|Windows Mobile 5.0 Pocket PC SDK (ARMV4I)
		{3A152083-BDFC-402B-A8AC-DBEF9819D05A}.Debug|Windows Mobile 5.0 Pocket PC SDK (ARMV4I).Deploy.0 = Debug|Windows Mobile 5.0 Pocket PC SDK (ARMV4I)
		{3A152083-BDFC-402B-A8AC-DBEF9819D05A}.Debug|Windows Mobile 5.0 Smartphone SDK (ARMV4I).ActiveCfg = Debug|Windows Mobile 5.0 Smartphone SDK (ARMV4I)
		{3A152083-BDFC-402B-A8AC-DBEF9819D05A}.Debug|Windows Mobile 5.0 Smartphone SDK (ARMV4I).Build.0 = Debug|Windows Mobile 5.0 Smartphone SDK (ARMV4I)
		{3A152083-BDFC-402B-A8AC-DBEF9819D05A}.Debug|Windows Mobile 5.0 Smartphone SDK (ARMV4I).Deploy.0 = Debug|Windows Mobile 5.0 Smartphone SDK (ARMV4I)
		{3A152083-BDFC-402B-A8AC-DBEF9819D05A}.Debug|Windows Mobile 6 Professional SDK (ARMV4I).ActiveCfg = Debug|Windows Mobile 6 Professional SDK (ARMV4I)
		{3A152083-BDFC-402B-A8AC-DBEF9819D05A}.Debug|Windows Mobile 6 Professional SDK (ARMV4I).Build.0 = Debug|Windows Mobile 6 Professional SDK (ARMV4I)
		{3A152083-BDFC-402B-A8AC-DBEF9819D05A}.Debug|Windows Mobile 6 Professional SDK (ARMV4I).Deploy.0 = Debug|Windows Mobile 6 Professional SDK (ARMV4I)
		{3A152083-BDFC-402B-A8AC-DBEF9819D05A}.Debug|Windows Mobile 6 Standard SDK (ARMV4I).ActiveCfg = Debug|Windows Mobile 6 Standard SDK (ARMV4I)
		{3A152083-BDFC-402B-A8AC-DBEF9819D05A}.Debug|Windows Mobile 6 Standard SDK (ARMV4I).Build.0 = Debug|Windows Mobile 6 Standard SDK (ARMV4I)
		{3A152083-BDFC-402B-A8AC-DBEF9819D05A}.Debug|Windows Mobile 6 Standard SDK (ARMV4I).Deploy.0 = Debug|Windows Mobile 6 Standard SDK (ARMV4I)
		{3A152083-BDFC-402B-A8AC-DBEF9819D05A}.Debug|Windows Mobile 6.5.3 Professional DTK (ARMV4I).ActiveCfg = Debug|Windows Mobile 6.5.3 Professional DTK (ARMV4I)
		{3A152083-BDFC-402B-A8AC-DBEF9819D05A}.Debug|Windows Mobile 6.5.3 Professional DTK (ARMV4I).Build.0 = Debug|Windows Mobile 6.5.3 Professional DTK (ARMV4I)
		{3A152083-BDFC-402B-A8AC-DBEF9819D05A}.Debug|Windows Mobile 6.5.3 Professional DTK (ARMV4I).Deploy.0 = Debug|Windows Mobile 6.5.3 Professional DTK (ARMV4I)
		{3A152083-BDFC-402B-A8AC-DBEF9819D05A}.Release|STANDARDSDK_500 (ARMV4I).ActiveCfg = Release|STANDARDSDK_500 (ARMV4I)
		{3A152083-BDFC-402B-A8AC-DBEF9819D05A}.Release|STANDARDSDK_500 (ARMV4I).Build.0 = Release|STANDARDSDK_500 (ARMV4I)
		{3A152083-BDFC-402B-A8AC-DBEF9819D05A}.Release|STANDARDSDK_500 (ARMV4I).Deploy.0 = Release|STANDARDSDK_500 (ARMV4I)
		{3A152083-BDFC-402B-A8AC-DBEF9819D05A}.Release|Windows Mobile 5.0 Pocket PC SDK (ARMV4I).ActiveCfg = Release|Windows Mobile 5.0 Pocket PC SDK (ARMV4I)
		{3A152083-BDFC-402B-A8AC-DBEF9819D05A}.Release|Windows Mobile 5.0 Pocket PC SDK (ARMV4I).Build.0 = Release|Windows Mobile 5.0 Pocket PC SDK (ARMV4I)
		{3A152083-BDFC-402B-A8AC-DBEF9819D05A}.Release|Windows Mobile 5.0 Pocket PC SDK (ARMV4I).Deploy.0 = Release|Windows Mobile 5.0 Pocket PC SDK (ARMV4I)
		{3A152083-BDFC-402B-A8AC-DBEF9819D05A}.Release|Windows Mobile 5.0 Smartphone SDK (ARMV4I).ActiveCfg = Release|Windows Mobile 5.0 Smartphone SDK (ARMV4I)
		{3A152083-BDFC-402B-A8AC-DBEF9819D05A}.Release|Windows Mobile 5.0 Smartphone SDK (ARMV4I).Build.0 = Release|Windows Mobile 5.0 Smartphone SDK (ARMV4I)
		{3A152083-BDFC-402B-A8AC-DBEF9819D05A}.Release|Windows Mobile 5.0 Smartphone SDK (ARMV4I).Deploy.0 = Release|Windows Mobile 5.0 Smartphone SDK (ARMV4I)
		{3A152083-BDFC-402B-A8AC-DBEF9819D05A}.Release|Windows Mobile 6 Professional SDK (ARMV4I).ActiveCfg = Release|Windows Mobile 6 Professional SDK (ARMV4I)
		{3A152083-BDFC-402B-A8AC-DBEF9819D05A}.Release|Windows Mobile 6 Professional SDK (ARMV4I).Build.0 = Release|Windows Mobile 6 Professional SDK (ARMV4I)
		{3A152083-BDFC-402B-A8AC-DBEF9819D05A}.Release|Windows Mobile 6 Professional SDK (ARMV4I).Deploy.0 = Release|Windows Mobile 6 Professional SDK (ARMV4I)
		{3A152083-BDFC-402B-A8AC-DBEF9819D05A}.Release|Windows Mobile 6 Standard SDK (ARMV4I).ActiveCfg = Release|Windows Mobile 6 Standard SDK (ARMV4I)
		{3A152083-BDFC-402B-A8AC-DBEF9819D05A}.Release|Windows Mobile 6 Standard SDK (ARMV4I).Build.0 = Release|Windows Mobile 6 Standard SDK (ARMV4I)
		{3A152083-BDFC-402B-A8AC-DBEF9819D05A}.Release|Windows Mobile 6 Standard SDK (ARMV4I).Deploy.0 = Release|Windows Mobile 6 Standard SDK (ARMV4I)
		{3A152083-BDFC-402B-A8AC-DBEF9819D05A}.Release|Windows Mobile 6.5.3 Professional DTK (ARMV4I).ActiveCfg = Release|Windows Mobile 6.5.3 Professional DTK (ARMV4I)
		{3A152083-BDFC-402B-A8AC-DBEF9819D05A}.Release|Windows Mobile 6.5.3 Professional DTK (ARMV4I).Build.0 = Release|Windows Mobile 6.5.3 Professional DTK (ARMV4I)
		{3A152083-BDFC-402B-A8AC-DBEF9819D05A}.Release|Windows Mobile 6.5.3 Professional DTK (ARMV4I).Deploy.0 = Release|Windows Mobile 6.5.3 Professional DTK (ARMV4I)
	EndGlobalSection
	GlobalSection(SolutionProperties) = preSolution
		HideSolutionNode = FALSE
	EndGlobalSection
EndGlobal
